<?xml version="1.0" encoding="UTF-8"?>
<!DOCTYPE plist PUBLIC "-//Apple//DTD PLIST 1.0//EN" "http://www.apple.com/DTDs/PropertyList-1.0.dtd">
<plist version="1.0">
<dict>
	<key>archiveVersion</key>
	<string>1</string>
	<key>classes</key>
	<dict/>
	<key>objectVersion</key>
	<string>46</string>
	<key>objects</key>
	<dict>
		<key>0835AE51E1D442A2BE7765FA</key>
		<dict>
			<key>fileRef</key>
			<string>E59A1BB742214388ABE91004</string>
			<key>isa</key>
			<string>PBXBuildFile</string>
		</dict>
		<key>10001173FCC242ABB57BC531</key>
		<dict>
			<key>buildActionMask</key>
			<string>2147483647</string>
			<key>files</key>
			<array/>
			<key>inputPaths</key>
			<array/>
			<key>isa</key>
			<string>PBXShellScriptBuildPhase</string>
			<key>name</key>
			<string>Check Pods Manifest.lock</string>
			<key>outputPaths</key>
			<array/>
			<key>runOnlyForDeploymentPostprocessing</key>
			<string>0</string>
			<key>shellPath</key>
			<string>/bin/sh</string>
			<key>shellScript</key>
			<string>diff "${PODS_ROOT}/../Podfile.lock" "${PODS_ROOT}/Manifest.lock" &gt; /dev/null
if [[ $? != 0 ]] ; then
    cat &lt;&lt; EOM
error: The sandbox is not in sync with the Podfile.lock. Run 'pod install' or update your CocoaPods installation.
EOM
    exit 1
fi
</string>
			<key>showEnvVarsInLog</key>
			<string>0</string>
		</dict>
		<key>1EDB80AF6BC4C379C818A5CF</key>
		<dict>
			<key>fileRef</key>
			<string>1EDB8361EBA8EEABB97963E4</string>
			<key>isa</key>
			<string>PBXBuildFile</string>
		</dict>
		<key>1EDB821A28DD8CAF7BA0E7B6</key>
		<dict>
			<key>children</key>
			<array>
				<string>1EDB86E908039895488C9398</string>
				<string>1EDB8BDFB344DF3A32724382</string>
			</array>
			<key>isa</key>
			<string>PBXGroup</string>
			<key>path</key>
			<string>Fixtures</string>
			<key>sourceTree</key>
			<string>&lt;group&gt;</string>
		</dict>
		<key>1EDB8361EBA8EEABB97963E4</key>
		<dict>
			<key>fileEncoding</key>
			<string>4</string>
			<key>isa</key>
			<string>PBXFileReference</string>
			<key>lastKnownFileType</key>
			<string>sourcecode.c.objc</string>
			<key>path</key>
			<string>AgendaProviderSpec.m</string>
			<key>sourceTree</key>
			<string>&lt;group&gt;</string>
		</dict>
		<key>1EDB86E908039895488C9398</key>
		<dict>
			<key>fileEncoding</key>
			<string>4</string>
			<key>isa</key>
			<string>PBXFileReference</string>
			<key>lastKnownFileType</key>
			<string>sourcecode.c.objc</string>
			<key>path</key>
			<string>AgendaItemFixture.m</string>
			<key>sourceTree</key>
			<string>&lt;group&gt;</string>
		</dict>
		<key>1EDB889573FF6D6F835D06D2</key>
		<dict>
			<key>children</key>
			<array>
				<string>1EDB8FEB587E71943373CE37</string>
				<string>1EDB8C06591F6E2CFA397CAF</string>
			</array>
			<key>isa</key>
			<string>PBXGroup</string>
			<key>path</key>
			<string>Fakes</string>
			<key>sourceTree</key>
			<string>&lt;group&gt;</string>
		</dict>
		<key>1EDB8BDFB344DF3A32724382</key>
		<dict>
			<key>fileEncoding</key>
			<string>4</string>
			<key>isa</key>
			<string>PBXFileReference</string>
			<key>lastKnownFileType</key>
			<string>sourcecode.c.h</string>
			<key>path</key>
			<string>AgendaItemFixture.h</string>
			<key>sourceTree</key>
			<string>&lt;group&gt;</string>
		</dict>
		<key>1EDB8C06591F6E2CFA397CAF</key>
		<dict>
			<key>fileEncoding</key>
			<string>4</string>
			<key>isa</key>
			<string>PBXFileReference</string>
			<key>lastKnownFileType</key>
			<string>sourcecode.c.objc</string>
			<key>path</key>
			<string>FakeAgendaProvider.m</string>
			<key>sourceTree</key>
			<string>&lt;group&gt;</string>
		</dict>
		<key>1EDB8FEB587E71943373CE37</key>
		<dict>
			<key>fileEncoding</key>
			<string>4</string>
			<key>isa</key>
			<string>PBXFileReference</string>
			<key>lastKnownFileType</key>
			<string>sourcecode.c.h</string>
			<key>path</key>
			<string>FakeAgendaProvider.h</string>
			<key>sourceTree</key>
			<string>&lt;group&gt;</string>
		</dict>
		<key>2EC463FE364B4192ACA22B91</key>
		<dict>
			<key>buildActionMask</key>
			<string>2147483647</string>
			<key>files</key>
			<array/>
			<key>inputPaths</key>
			<array/>
			<key>isa</key>
			<string>PBXShellScriptBuildPhase</string>
			<key>name</key>
			<string>Copy Pods Resources</string>
			<key>outputPaths</key>
			<array/>
			<key>runOnlyForDeploymentPostprocessing</key>
			<string>0</string>
			<key>shellPath</key>
			<string>/bin/sh</string>
			<key>shellScript</key>
			<string>"${SRCROOT}/Pods/Target Support Files/Pods-specs/Pods-specs-resources.sh"
</string>
			<key>showEnvVarsInLog</key>
			<string>0</string>
		</dict>
		<key>325AABD7BFEC82A5BC08FCDF</key>
		<dict>
			<key>includeInIndex</key>
			<string>1</string>
			<key>isa</key>
			<string>PBXFileReference</string>
			<key>lastKnownFileType</key>
			<string>text.xcconfig</string>
			<key>name</key>
			<string>Pods.debug.xcconfig</string>
			<key>path</key>
			<string>Pods/Target Support Files/Pods/Pods.debug.xcconfig</string>
			<key>sourceTree</key>
			<string>&lt;group&gt;</string>
		</dict>
		<key>3F8221EAE0EA91C5206E325A</key>
		<dict>
			<key>includeInIndex</key>
			<string>1</string>
			<key>isa</key>
			<string>PBXFileReference</string>
			<key>lastKnownFileType</key>
			<string>text.xcconfig</string>
			<key>name</key>
			<string>Pods-specs.debug.xcconfig</string>
			<key>path</key>
			<string>Pods/Target Support Files/Pods-specs/Pods-specs.debug.xcconfig</string>
			<key>sourceTree</key>
			<string>&lt;group&gt;</string>
		</dict>
		<key>43C5D4A81904429F002D1766</key>
		<dict>
			<key>children</key>
			<array>
				<string>43C5D4BA1904429F002D1766</string>
				<string>43C5D4DC1904429F002D1766</string>
				<string>43C5D4B31904429F002D1766</string>
				<string>43C5D4B21904429F002D1766</string>
				<string>5C16B5A2F5606619CC37A780</string>
			</array>
			<key>isa</key>
			<string>PBXGroup</string>
			<key>sourceTree</key>
			<string>&lt;group&gt;</string>
		</dict>
		<key>43C5D4A91904429F002D1766</key>
		<dict>
			<key>attributes</key>
			<dict>
				<key>LastUpgradeCheck</key>
				<string>0510</string>
				<key>ORGANIZATIONNAME</key>
				<string>Mobile Warsaw</string>
				<key>TargetAttributes</key>
				<dict>
					<key>43C5D4D41904429F002D1766</key>
					<dict>
						<key>TestTargetID</key>
						<string>43C5D4B01904429F002D1766</string>
					</dict>
				</dict>
			</dict>
			<key>buildConfigurationList</key>
			<string>43C5D4AC1904429F002D1766</string>
			<key>compatibilityVersion</key>
			<string>Xcode 3.2</string>
			<key>developmentRegion</key>
			<string>English</string>
			<key>hasScannedForEncodings</key>
			<string>0</string>
			<key>isa</key>
			<string>PBXProject</string>
			<key>knownRegions</key>
			<array>
				<string>en</string>
				<string>Base</string>
			</array>
			<key>mainGroup</key>
			<string>43C5D4A81904429F002D1766</string>
			<key>productRefGroup</key>
			<string>43C5D4B21904429F002D1766</string>
			<key>projectDirPath</key>
			<string></string>
			<key>projectReferences</key>
			<array/>
			<key>projectRoot</key>
			<string></string>
			<key>targets</key>
			<array>
				<string>43C5D4B01904429F002D1766</string>
				<string>43C5D4D41904429F002D1766</string>
			</array>
		</dict>
		<key>43C5D4AC1904429F002D1766</key>
		<dict>
			<key>buildConfigurations</key>
			<array>
				<string>43C5D4E41904429F002D1766</string>
				<string>43C5D4E51904429F002D1766</string>
			</array>
			<key>defaultConfigurationIsVisible</key>
			<string>0</string>
			<key>defaultConfigurationName</key>
			<string>Release</string>
			<key>isa</key>
			<string>XCConfigurationList</string>
		</dict>
		<key>43C5D4AD1904429F002D1766</key>
		<dict>
			<key>buildActionMask</key>
			<string>2147483647</string>
			<key>files</key>
			<array>
				<string>B27A90C1276516EF0976C721</string>
				<string>B27A9ACDFF47B5C7A1E152D0</string>
				<string>B27A99C4343479416F7949A1</string>
				<string>B27A9D59259653BDEABA00A3</string>
				<string>B27A9B105BBD67D80D01E3E5</string>
				<string>B27A9A0FD94ECA88196295DE</string>
				<string>B27A97FE7901600A8818F3DA</string>
				<string>B27A9989AF15DCF4A14C8599</string>
				<string>510437C9E9173E0AEE1BF5D9</string>
				<string>51043FAA43E3EC9A3D85074C</string>
				<string>510437B3AFF9B4DFB61D4D37</string>
				<string>510431791B37A9A99385A641</string>
				<string>510434B6A43EA784E14ADCCE</string>
				<string>51043C783E82165202F605B2</string>
				<string>510431F36EDABCA7A7E84118</string>
				<string>5104365C827422284475A68C</string>
				<string>51043DB9335FD27CFF47F901</string>
				<string>51043E931A99B1B2AAB437DB</string>
				<string>51043A111913B3C14E89500B</string>
				<string>51043F48261F9EF558458820</string>
				<string>B27A9056ADDB5BAB5972C05E</string>
				<string>B27A92B6316A1E604BF9B98F</string>
				<string>B27A9726136F5C773F598D6D</string>
				<string>B27A901654FE494E865AF180</string>
				<string>B27A925418322C40B77A8998</string>
				<string>B27A9971BB928EAA6E0EDE6E</string>
				<string>510431358E25B1DCFAED9960</string>
				<string>81086CDC548B56E717FF22C7</string>
				<string>810866338622BEC7C4C0EB4A</string>
				<string>81086E163A9DFF20967D20E4</string>
				<string>81086E78FC205DB4277A4652</string>
				<string>810866B138C3E04FB14466FC</string>
				<string>8108618342CE3920552B0D80</string>
				<string>810869F06A8D5E31BAE527C8</string>
				<string>81086747DA487D249A16BAFE</string>
				<string>810868C67B5D309FA50BE791</string>
				<string>81086445592BEC5457D4163D</string>
			</array>
			<key>isa</key>
			<string>PBXSourcesBuildPhase</string>
			<key>runOnlyForDeploymentPostprocessing</key>
			<string>0</string>
		</dict>
		<key>43C5D4AE1904429F002D1766</key>
		<dict>
			<key>buildActionMask</key>
			<string>2147483647</string>
			<key>files</key>
			<array>
				<string>43C5D4B71904429F002D1766</string>
				<string>43C5D4B91904429F002D1766</string>
				<string>43C5D4B51904429F002D1766</string>
				<string>0835AE51E1D442A2BE7765FA</string>
			</array>
			<key>isa</key>
			<string>PBXFrameworksBuildPhase</string>
			<key>runOnlyForDeploymentPostprocessing</key>
			<string>0</string>
		</dict>
		<key>43C5D4AF1904429F002D1766</key>
		<dict>
			<key>buildActionMask</key>
			<string>2147483647</string>
			<key>files</key>
			<array>
				<string>B27A9102589328414886245B</string>
				<string>B27A937730478652E2F1969E</string>
				<string>B27A9E1107889ABC8D32C72F</string>
				<string>510434A8BD8A51FD6A30E5E7</string>
				<string>810866F1FE320FA1B2B2F023</string>
			</array>
			<key>isa</key>
			<string>PBXResourcesBuildPhase</string>
			<key>runOnlyForDeploymentPostprocessing</key>
			<string>0</string>
		</dict>
		<key>43C5D4B01904429F002D1766</key>
		<dict>
			<key>buildConfigurationList</key>
			<string>43C5D4E61904429F002D1766</string>
			<key>buildPhases</key>
			<array>
				<string>85B6ADA36F4C4FF69C246BB4</string>
				<string>43C5D4AD1904429F002D1766</string>
				<string>43C5D4AE1904429F002D1766</string>
				<string>43C5D4AF1904429F002D1766</string>
				<string>C8D9F3FC509A4F2D844F395D</string>
			</array>
			<key>buildRules</key>
			<array/>
			<key>dependencies</key>
			<array/>
			<key>isa</key>
			<string>PBXNativeTarget</string>
			<key>name</key>
			<string>TDD Workshop</string>
			<key>productName</key>
			<string>TDD Workshop</string>
			<key>productReference</key>
			<string>43C5D4B11904429F002D1766</string>
			<key>productType</key>
			<string>com.apple.product-type.application</string>
		</dict>
		<key>43C5D4B11904429F002D1766</key>
		<dict>
			<key>explicitFileType</key>
			<string>wrapper.application</string>
			<key>includeInIndex</key>
			<string>0</string>
			<key>isa</key>
			<string>PBXFileReference</string>
			<key>path</key>
			<string>TDD Workshop.app</string>
			<key>sourceTree</key>
			<string>BUILT_PRODUCTS_DIR</string>
		</dict>
		<key>43C5D4B21904429F002D1766</key>
		<dict>
			<key>children</key>
			<array>
				<string>43C5D4B11904429F002D1766</string>
				<string>43C5D4D51904429F002D1766</string>
			</array>
			<key>isa</key>
			<string>PBXGroup</string>
			<key>name</key>
			<string>Products</string>
			<key>sourceTree</key>
			<string>&lt;group&gt;</string>
		</dict>
		<key>43C5D4B31904429F002D1766</key>
		<dict>
			<key>children</key>
			<array>
				<string>43C5D4B41904429F002D1766</string>
				<string>43C5D4B61904429F002D1766</string>
				<string>43C5D4B81904429F002D1766</string>
				<string>43C5D4D61904429F002D1766</string>
				<string>B2F06B64128243AF9AC3D4B0</string>
				<string>E59A1BB742214388ABE91004</string>
			</array>
			<key>isa</key>
			<string>PBXGroup</string>
			<key>name</key>
			<string>Frameworks</string>
			<key>sourceTree</key>
			<string>&lt;group&gt;</string>
		</dict>
		<key>43C5D4B41904429F002D1766</key>
		<dict>
			<key>isa</key>
			<string>PBXFileReference</string>
			<key>lastKnownFileType</key>
			<string>wrapper.framework</string>
			<key>name</key>
			<string>Foundation.framework</string>
			<key>path</key>
			<string>System/Library/Frameworks/Foundation.framework</string>
			<key>sourceTree</key>
			<string>SDKROOT</string>
		</dict>
		<key>43C5D4B51904429F002D1766</key>
		<dict>
			<key>fileRef</key>
			<string>43C5D4B41904429F002D1766</string>
			<key>isa</key>
			<string>PBXBuildFile</string>
		</dict>
		<key>43C5D4B61904429F002D1766</key>
		<dict>
			<key>isa</key>
			<string>PBXFileReference</string>
			<key>lastKnownFileType</key>
			<string>wrapper.framework</string>
			<key>name</key>
			<string>CoreGraphics.framework</string>
			<key>path</key>
			<string>System/Library/Frameworks/CoreGraphics.framework</string>
			<key>sourceTree</key>
			<string>SDKROOT</string>
		</dict>
		<key>43C5D4B71904429F002D1766</key>
		<dict>
			<key>fileRef</key>
			<string>43C5D4B61904429F002D1766</string>
			<key>isa</key>
			<string>PBXBuildFile</string>
		</dict>
		<key>43C5D4B81904429F002D1766</key>
		<dict>
			<key>isa</key>
			<string>PBXFileReference</string>
			<key>lastKnownFileType</key>
			<string>wrapper.framework</string>
			<key>name</key>
			<string>UIKit.framework</string>
			<key>path</key>
			<string>System/Library/Frameworks/UIKit.framework</string>
			<key>sourceTree</key>
			<string>SDKROOT</string>
		</dict>
		<key>43C5D4B91904429F002D1766</key>
		<dict>
			<key>fileRef</key>
			<string>43C5D4B81904429F002D1766</string>
			<key>isa</key>
			<string>PBXBuildFile</string>
		</dict>
		<key>43C5D4BA1904429F002D1766</key>
		<dict>
			<key>children</key>
			<array>
				<string>B27A9A92B5A2302997B59011</string>
				<string>B27A99AD7B4735A5672A09B5</string>
				<string>B27A9E9ACBB64E62E3481B49</string>
			</array>
			<key>isa</key>
			<string>PBXGroup</string>
			<key>path</key>
			<string>TDD Workshop</string>
			<key>sourceTree</key>
			<string>&lt;group&gt;</string>
		</dict>
		<key>43C5D4D11904429F002D1766</key>
		<dict>
			<key>buildActionMask</key>
			<string>2147483647</string>
			<key>files</key>
			<array>
				<string>B27A954E6E7A4E4CA2F00D8A</string>
				<string>B27A9D2A610E08BA7B2FF7D4</string>
				<string>B27A9A828140E48431A9F462</string>
				<string>944AF0D51907124D00C36DA1</string>
				<string>B27A928374737A6869A3182D</string>
				<string>B27A93238C3DB4F0859DD791</string>
				<string>1EDB80AF6BC4C379C818A5CF</string>
				<string>B27A93BC50952551175D197B</string>
				<string>510430CE778A22D93A35BC09</string>
			</array>
			<key>isa</key>
			<string>PBXSourcesBuildPhase</string>
			<key>runOnlyForDeploymentPostprocessing</key>
			<string>0</string>
		</dict>
		<key>43C5D4D21904429F002D1766</key>
		<dict>
			<key>buildActionMask</key>
			<string>2147483647</string>
			<key>files</key>
			<array>
				<string>43C5D4D71904429F002D1766</string>
				<string>43C5D4D91904429F002D1766</string>
				<string>43C5D4D81904429F002D1766</string>
				<string>BD856E5C1C064F578B72D2D3</string>
			</array>
			<key>isa</key>
			<string>PBXFrameworksBuildPhase</string>
			<key>runOnlyForDeploymentPostprocessing</key>
			<string>0</string>
		</dict>
		<key>43C5D4D31904429F002D1766</key>
		<dict>
			<key>buildActionMask</key>
			<string>2147483647</string>
			<key>files</key>
			<array>
				<string>43C5D4E11904429F002D1766</string>
				<string>43C5D4ED19046E83002D1766</string>
				<string>510436DEA3790C3EBDBF7C87</string>
			</array>
			<key>isa</key>
			<string>PBXResourcesBuildPhase</string>
			<key>runOnlyForDeploymentPostprocessing</key>
			<string>0</string>
		</dict>
		<key>43C5D4D41904429F002D1766</key>
		<dict>
			<key>buildConfigurationList</key>
			<string>43C5D4E91904429F002D1766</string>
			<key>buildPhases</key>
			<array>
				<string>10001173FCC242ABB57BC531</string>
				<string>43C5D4D11904429F002D1766</string>
				<string>43C5D4D21904429F002D1766</string>
				<string>43C5D4D31904429F002D1766</string>
				<string>2EC463FE364B4192ACA22B91</string>
			</array>
			<key>buildRules</key>
			<array/>
			<key>dependencies</key>
			<array>
				<string>43C5D4DB1904429F002D1766</string>
			</array>
			<key>isa</key>
			<string>PBXNativeTarget</string>
			<key>name</key>
			<string>TDD WorkshopTests</string>
			<key>productName</key>
			<string>TDD WorkshopTests</string>
			<key>productReference</key>
			<string>43C5D4D51904429F002D1766</string>
			<key>productType</key>
			<string>com.apple.product-type.bundle.unit-test</string>
		</dict>
		<key>43C5D4D51904429F002D1766</key>
		<dict>
			<key>explicitFileType</key>
			<string>wrapper.cfbundle</string>
			<key>includeInIndex</key>
			<string>0</string>
			<key>isa</key>
			<string>PBXFileReference</string>
			<key>path</key>
			<string>TDD WorkshopTests.xctest</string>
			<key>sourceTree</key>
			<string>BUILT_PRODUCTS_DIR</string>
		</dict>
		<key>43C5D4D61904429F002D1766</key>
		<dict>
			<key>isa</key>
			<string>PBXFileReference</string>
			<key>lastKnownFileType</key>
			<string>wrapper.framework</string>
			<key>name</key>
			<string>XCTest.framework</string>
			<key>path</key>
			<string>Library/Frameworks/XCTest.framework</string>
			<key>sourceTree</key>
			<string>DEVELOPER_DIR</string>
		</dict>
		<key>43C5D4D71904429F002D1766</key>
		<dict>
			<key>fileRef</key>
			<string>43C5D4D61904429F002D1766</string>
			<key>isa</key>
			<string>PBXBuildFile</string>
		</dict>
		<key>43C5D4D81904429F002D1766</key>
		<dict>
			<key>fileRef</key>
			<string>43C5D4B41904429F002D1766</string>
			<key>isa</key>
			<string>PBXBuildFile</string>
		</dict>
		<key>43C5D4D91904429F002D1766</key>
		<dict>
			<key>fileRef</key>
			<string>43C5D4B81904429F002D1766</string>
			<key>isa</key>
			<string>PBXBuildFile</string>
		</dict>
		<key>43C5D4DA1904429F002D1766</key>
		<dict>
			<key>containerPortal</key>
			<string>43C5D4A91904429F002D1766</string>
			<key>isa</key>
			<string>PBXContainerItemProxy</string>
			<key>proxyType</key>
			<string>1</string>
			<key>remoteGlobalIDString</key>
			<string>43C5D4B01904429F002D1766</string>
			<key>remoteInfo</key>
			<string>TDD Workshop</string>
		</dict>
		<key>43C5D4DB1904429F002D1766</key>
		<dict>
			<key>isa</key>
			<string>PBXTargetDependency</string>
			<key>target</key>
			<string>43C5D4B01904429F002D1766</string>
			<key>targetProxy</key>
			<string>43C5D4DA1904429F002D1766</string>
		</dict>
		<key>43C5D4DC1904429F002D1766</key>
		<dict>
			<key>children</key>
			<array>
				<string>43C5D4DD1904429F002D1766</string>
				<string>1EDB889573FF6D6F835D06D2</string>
				<string>1EDB821A28DD8CAF7BA0E7B6</string>
			</array>
			<key>isa</key>
			<string>PBXGroup</string>
			<key>path</key>
			<string>TDD WorkshopTests</string>
			<key>sourceTree</key>
			<string>&lt;group&gt;</string>
		</dict>
		<key>43C5D4DD1904429F002D1766</key>
		<dict>
			<key>children</key>
			<array>
				<string>43C5D4EC190447DE002D1766</string>
				<string>43C5D4DE1904429F002D1766</string>
				<string>43C5D4DF1904429F002D1766</string>
			</array>
			<key>isa</key>
			<string>PBXGroup</string>
			<key>name</key>
			<string>Supporting Files</string>
			<key>sourceTree</key>
			<string>&lt;group&gt;</string>
		</dict>
		<key>43C5D4DE1904429F002D1766</key>
		<dict>
			<key>isa</key>
			<string>PBXFileReference</string>
			<key>lastKnownFileType</key>
			<string>text.plist.xml</string>
			<key>path</key>
			<string>TDD WorkshopTests-Info.plist</string>
			<key>sourceTree</key>
			<string>&lt;group&gt;</string>
		</dict>
		<key>43C5D4DF1904429F002D1766</key>
		<dict>
			<key>children</key>
			<array>
				<string>43C5D4E01904429F002D1766</string>
			</array>
			<key>isa</key>
			<string>PBXVariantGroup</string>
			<key>name</key>
			<string>InfoPlist.strings</string>
			<key>sourceTree</key>
			<string>&lt;group&gt;</string>
		</dict>
		<key>43C5D4E01904429F002D1766</key>
		<dict>
			<key>isa</key>
			<string>PBXFileReference</string>
			<key>lastKnownFileType</key>
			<string>text.plist.strings</string>
			<key>name</key>
			<string>en</string>
			<key>path</key>
			<string>en.lproj/InfoPlist.strings</string>
			<key>sourceTree</key>
			<string>&lt;group&gt;</string>
		</dict>
		<key>43C5D4E11904429F002D1766</key>
		<dict>
			<key>fileRef</key>
			<string>43C5D4DF1904429F002D1766</string>
			<key>isa</key>
			<string>PBXBuildFile</string>
		</dict>
		<key>43C5D4E41904429F002D1766</key>
		<dict>
			<key>buildSettings</key>
			<dict>
				<key>ALWAYS_SEARCH_USER_PATHS</key>
				<string>NO</string>
				<key>CLANG_CXX_LANGUAGE_STANDARD</key>
				<string>gnu++0x</string>
				<key>CLANG_CXX_LIBRARY</key>
				<string>libc++</string>
				<key>CLANG_ENABLE_MODULES</key>
				<string>YES</string>
				<key>CLANG_ENABLE_OBJC_ARC</key>
				<string>YES</string>
				<key>CLANG_WARN_BOOL_CONVERSION</key>
				<string>YES</string>
				<key>CLANG_WARN_CONSTANT_CONVERSION</key>
				<string>YES</string>
				<key>CLANG_WARN_DIRECT_OBJC_ISA_USAGE</key>
				<string>YES_ERROR</string>
				<key>CLANG_WARN_EMPTY_BODY</key>
				<string>YES</string>
				<key>CLANG_WARN_ENUM_CONVERSION</key>
				<string>YES</string>
				<key>CLANG_WARN_INT_CONVERSION</key>
				<string>YES</string>
				<key>CLANG_WARN_OBJC_ROOT_CLASS</key>
				<string>YES_ERROR</string>
				<key>CLANG_WARN__DUPLICATE_METHOD_MATCH</key>
				<string>YES</string>
				<key>CODE_SIGN_IDENTITY[sdk=iphoneos*]</key>
				<string>iPhone Developer</string>
				<key>COPY_PHASE_STRIP</key>
				<string>NO</string>
				<key>GCC_C_LANGUAGE_STANDARD</key>
				<string>gnu99</string>
				<key>GCC_DYNAMIC_NO_PIC</key>
				<string>NO</string>
				<key>GCC_OPTIMIZATION_LEVEL</key>
				<string>0</string>
				<key>GCC_PREPROCESSOR_DEFINITIONS</key>
				<array>
					<string>DEBUG=1</string>
					<string>$(inherited)</string>
				</array>
				<key>GCC_SYMBOLS_PRIVATE_EXTERN</key>
				<string>NO</string>
				<key>GCC_WARN_64_TO_32_BIT_CONVERSION</key>
				<string>YES</string>
				<key>GCC_WARN_ABOUT_RETURN_TYPE</key>
				<string>YES_ERROR</string>
				<key>GCC_WARN_UNDECLARED_SELECTOR</key>
				<string>YES</string>
				<key>GCC_WARN_UNINITIALIZED_AUTOS</key>
				<string>YES_AGGRESSIVE</string>
				<key>GCC_WARN_UNUSED_FUNCTION</key>
				<string>YES</string>
				<key>GCC_WARN_UNUSED_VARIABLE</key>
				<string>YES</string>
				<key>IPHONEOS_DEPLOYMENT_TARGET</key>
				<string>7.1</string>
				<key>ONLY_ACTIVE_ARCH</key>
				<string>YES</string>
				<key>SDKROOT</key>
				<string>iphoneos</string>
			</dict>
			<key>isa</key>
			<string>XCBuildConfiguration</string>
			<key>name</key>
			<string>Debug</string>
		</dict>
		<key>43C5D4E51904429F002D1766</key>
		<dict>
			<key>buildSettings</key>
			<dict>
				<key>ALWAYS_SEARCH_USER_PATHS</key>
				<string>NO</string>
				<key>CLANG_CXX_LANGUAGE_STANDARD</key>
				<string>gnu++0x</string>
				<key>CLANG_CXX_LIBRARY</key>
				<string>libc++</string>
				<key>CLANG_ENABLE_MODULES</key>
				<string>YES</string>
				<key>CLANG_ENABLE_OBJC_ARC</key>
				<string>YES</string>
				<key>CLANG_WARN_BOOL_CONVERSION</key>
				<string>YES</string>
				<key>CLANG_WARN_CONSTANT_CONVERSION</key>
				<string>YES</string>
				<key>CLANG_WARN_DIRECT_OBJC_ISA_USAGE</key>
				<string>YES_ERROR</string>
				<key>CLANG_WARN_EMPTY_BODY</key>
				<string>YES</string>
				<key>CLANG_WARN_ENUM_CONVERSION</key>
				<string>YES</string>
				<key>CLANG_WARN_INT_CONVERSION</key>
				<string>YES</string>
				<key>CLANG_WARN_OBJC_ROOT_CLASS</key>
				<string>YES_ERROR</string>
				<key>CLANG_WARN__DUPLICATE_METHOD_MATCH</key>
				<string>YES</string>
				<key>CODE_SIGN_IDENTITY[sdk=iphoneos*]</key>
				<string>iPhone Developer</string>
				<key>COPY_PHASE_STRIP</key>
				<string>YES</string>
				<key>ENABLE_NS_ASSERTIONS</key>
				<string>NO</string>
				<key>GCC_C_LANGUAGE_STANDARD</key>
				<string>gnu99</string>
				<key>GCC_WARN_64_TO_32_BIT_CONVERSION</key>
				<string>YES</string>
				<key>GCC_WARN_ABOUT_RETURN_TYPE</key>
				<string>YES_ERROR</string>
				<key>GCC_WARN_UNDECLARED_SELECTOR</key>
				<string>YES</string>
				<key>GCC_WARN_UNINITIALIZED_AUTOS</key>
				<string>YES_AGGRESSIVE</string>
				<key>GCC_WARN_UNUSED_FUNCTION</key>
				<string>YES</string>
				<key>GCC_WARN_UNUSED_VARIABLE</key>
				<string>YES</string>
				<key>IPHONEOS_DEPLOYMENT_TARGET</key>
				<string>7.1</string>
				<key>SDKROOT</key>
				<string>iphoneos</string>
				<key>VALIDATE_PRODUCT</key>
				<string>YES</string>
			</dict>
			<key>isa</key>
			<string>XCBuildConfiguration</string>
			<key>name</key>
			<string>Release</string>
		</dict>
		<key>43C5D4E61904429F002D1766</key>
		<dict>
			<key>buildConfigurations</key>
			<array>
				<string>43C5D4E71904429F002D1766</string>
				<string>43C5D4E81904429F002D1766</string>
			</array>
			<key>defaultConfigurationIsVisible</key>
			<string>0</string>
			<key>defaultConfigurationName</key>
			<string>Release</string>
			<key>isa</key>
			<string>XCConfigurationList</string>
		</dict>
		<key>43C5D4E71904429F002D1766</key>
		<dict>
			<key>baseConfigurationReference</key>
			<string>325AABD7BFEC82A5BC08FCDF</string>
			<key>buildSettings</key>
			<dict>
				<key>ASSETCATALOG_COMPILER_APPICON_NAME</key>
				<string>AppIcon</string>
				<key>ASSETCATALOG_COMPILER_LAUNCHIMAGE_NAME</key>
				<string>LaunchImage</string>
				<key>GCC_PRECOMPILE_PREFIX_HEADER</key>
				<string>YES</string>
				<key>GCC_PREFIX_HEADER</key>
				<string>TDD Workshop/Supporting Files/TDD Workshop-Prefix.pch</string>
				<key>INFOPLIST_FILE</key>
				<string>TDD Workshop/Supporting Files/TDD Workshop-Info.plist</string>
				<key>PRODUCT_NAME</key>
				<string>$(TARGET_NAME)</string>
				<key>WRAPPER_EXTENSION</key>
				<string>app</string>
			</dict>
			<key>isa</key>
			<string>XCBuildConfiguration</string>
			<key>name</key>
			<string>Debug</string>
		</dict>
		<key>43C5D4E81904429F002D1766</key>
		<dict>
			<key>baseConfigurationReference</key>
			<string>A63F4361163A0CA7E0B47B93</string>
			<key>buildSettings</key>
			<dict>
				<key>ASSETCATALOG_COMPILER_APPICON_NAME</key>
				<string>AppIcon</string>
				<key>ASSETCATALOG_COMPILER_LAUNCHIMAGE_NAME</key>
				<string>LaunchImage</string>
				<key>GCC_PRECOMPILE_PREFIX_HEADER</key>
				<string>YES</string>
				<key>GCC_PREFIX_HEADER</key>
				<string>TDD Workshop/Supporting Files/TDD Workshop-Prefix.pch</string>
				<key>INFOPLIST_FILE</key>
				<string>TDD Workshop/Supporting Files/TDD Workshop-Info.plist</string>
				<key>PRODUCT_NAME</key>
				<string>$(TARGET_NAME)</string>
				<key>WRAPPER_EXTENSION</key>
				<string>app</string>
			</dict>
			<key>isa</key>
			<string>XCBuildConfiguration</string>
			<key>name</key>
			<string>Release</string>
		</dict>
		<key>43C5D4E91904429F002D1766</key>
		<dict>
			<key>buildConfigurations</key>
			<array>
				<string>43C5D4EA1904429F002D1766</string>
				<string>43C5D4EB1904429F002D1766</string>
			</array>
			<key>defaultConfigurationIsVisible</key>
			<string>0</string>
			<key>defaultConfigurationName</key>
			<string>Release</string>
			<key>isa</key>
			<string>XCConfigurationList</string>
		</dict>
		<key>43C5D4EA1904429F002D1766</key>
		<dict>
			<key>baseConfigurationReference</key>
			<string>3F8221EAE0EA91C5206E325A</string>
			<key>buildSettings</key>
			<dict>
				<key>BUNDLE_LOADER</key>
				<string>$(BUILT_PRODUCTS_DIR)/TDD Workshop.app/TDD Workshop</string>
				<key>FRAMEWORK_SEARCH_PATHS</key>
				<array>
					<string>$(SDKROOT)/Developer/Library/Frameworks</string>
					<string>$(inherited)</string>
					<string>$(DEVELOPER_FRAMEWORKS_DIR)</string>
				</array>
				<key>GCC_PRECOMPILE_PREFIX_HEADER</key>
				<string>YES</string>
				<key>GCC_PREFIX_HEADER</key>
				<string>TDD Workshop/Supporting Files/TDD Workshop-Prefix.pch</string>
				<key>GCC_PREPROCESSOR_DEFINITIONS</key>
				<array>
					<string>DEBUG=1</string>
					<string>$(inherited)</string>
				</array>
				<key>INFOPLIST_FILE</key>
				<string>TDD WorkshopTests/TDD WorkshopTests-Info.plist</string>
				<key>PRODUCT_NAME</key>
				<string>$(TARGET_NAME)</string>
				<key>TEST_HOST</key>
				<string>$(BUNDLE_LOADER)</string>
				<key>WRAPPER_EXTENSION</key>
				<string>xctest</string>
			</dict>
			<key>isa</key>
			<string>XCBuildConfiguration</string>
			<key>name</key>
			<string>Debug</string>
		</dict>
		<key>43C5D4EB1904429F002D1766</key>
		<dict>
			<key>baseConfigurationReference</key>
			<string>F7755B06CE94C4B54FA029A7</string>
			<key>buildSettings</key>
			<dict>
				<key>BUNDLE_LOADER</key>
				<string>$(BUILT_PRODUCTS_DIR)/TDD Workshop.app/TDD Workshop</string>
				<key>FRAMEWORK_SEARCH_PATHS</key>
				<array>
					<string>$(SDKROOT)/Developer/Library/Frameworks</string>
					<string>$(inherited)</string>
					<string>$(DEVELOPER_FRAMEWORKS_DIR)</string>
				</array>
				<key>GCC_PRECOMPILE_PREFIX_HEADER</key>
				<string>YES</string>
				<key>GCC_PREFIX_HEADER</key>
				<string>TDD Workshop/Supporting Files/TDD Workshop-Prefix.pch</string>
				<key>INFOPLIST_FILE</key>
				<string>TDD WorkshopTests/TDD WorkshopTests-Info.plist</string>
				<key>PRODUCT_NAME</key>
				<string>$(TARGET_NAME)</string>
				<key>TEST_HOST</key>
				<string>$(BUNDLE_LOADER)</string>
				<key>WRAPPER_EXTENSION</key>
				<string>xctest</string>
			</dict>
			<key>isa</key>
			<string>XCBuildConfiguration</string>
			<key>name</key>
			<string>Release</string>
		</dict>
		<key>43C5D4EC190447DE002D1766</key>
		<dict>
			<key>isa</key>
			<string>PBXFileReference</string>
			<key>lastKnownFileType</key>
			<string>sourcecode.c.h</string>
			<key>path</key>
			<string>Specs.h</string>
			<key>sourceTree</key>
			<string>&lt;group&gt;</string>
		</dict>
		<key>43C5D4ED19046E83002D1766</key>
		<dict>
			<key>fileRef</key>
			<string>B27A9BEE6F48E39B73B68281</string>
			<key>isa</key>
			<string>PBXBuildFile</string>
		</dict>
		<key>510430351EDD2ECC10DB5F0C</key>
		<dict>
			<key>fileEncoding</key>
			<string>4</string>
			<key>isa</key>
			<string>PBXFileReference</string>
			<key>lastKnownFileType</key>
			<string>sourcecode.c.objc</string>
			<key>path</key>
			<string>PhotoStreamViewControllerSpec.m</string>
			<key>sourceTree</key>
			<string>&lt;group&gt;</string>
		</dict>
		<key>5104304FE94993E43B18A319</key>
		<dict>
			<key>children</key>
			<array>
				<string>5104360D9F181D89E20CA03C</string>
				<string>5104335135485178594E1772</string>
				<string>5104384BE0B04D91B48B5A49</string>
				<string>51043C0A7BD0895BF7021DFB</string>
				<string>510433D6C025A50F0EFD5946</string>
				<string>51043773590E4A4E0B61C4F0</string>
			</array>
			<key>isa</key>
			<string>PBXGroup</string>
			<key>path</key>
			<string>App Configuration</string>
			<key>sourceTree</key>
			<string>&lt;group&gt;</string>
		</dict>
		<key>51043080C62EC0FA452F8F09</key>
		<dict>
			<key>children</key>
			<array>
				<string>51043207E6DA7C07E54F2B88</string>
				<string>510439AF098214E645561005</string>
				<string>510430351EDD2ECC10DB5F0C</string>
				<string>51043DE3BA6425BDC5EDDCAE</string>
				<string>510436386EF795A0010989C7</string>
				<string>510431EE5B6B07FE13F635DD</string>
			</array>
			<key>isa</key>
			<string>PBXGroup</string>
			<key>path</key>
			<string>Photo Stream</string>
			<key>sourceTree</key>
			<string>&lt;group&gt;</string>
		</dict>
		<key>510430CE778A22D93A35BC09</key>
		<dict>
			<key>fileRef</key>
			<string>5104396E024236D211BE68A7</string>
			<key>isa</key>
			<string>PBXBuildFile</string>
		</dict>
		<key>510431358E25B1DCFAED9960</key>
		<dict>
			<key>fileRef</key>
			<string>51043DE94D02BF3DAD3C447E</string>
			<key>isa</key>
			<string>PBXBuildFile</string>
		</dict>
		<key>510431497BD5ED2FA70D4A3C</key>
		<dict>
			<key>fileEncoding</key>
			<string>4</string>
			<key>isa</key>
			<string>PBXFileReference</string>
			<key>lastKnownFileType</key>
			<string>sourcecode.c.h</string>
			<key>path</key>
			<string>StreamItemPreviewViewController.h</string>
			<key>sourceTree</key>
			<string>&lt;group&gt;</string>
		</dict>
		<key>510431791B37A9A99385A641</key>
		<dict>
			<key>fileRef</key>
			<string>51043AB14D427734F191F4B3</string>
			<key>isa</key>
			<string>PBXBuildFile</string>
		</dict>
		<key>510431EE5B6B07FE13F635DD</key>
		<dict>
			<key>children</key>
			<array>
				<string>510431497BD5ED2FA70D4A3C</string>
				<string>51043DE94D02BF3DAD3C447E</string>
				<string>5104396E024236D211BE68A7</string>
			</array>
			<key>isa</key>
			<string>PBXGroup</string>
			<key>path</key>
			<string>Preview</string>
			<key>sourceTree</key>
			<string>&lt;group&gt;</string>
		</dict>
		<key>510431F36EDABCA7A7E84118</key>
		<dict>
			<key>fileRef</key>
			<string>510434BAAD88EC50EEB039B1</string>
			<key>isa</key>
			<string>PBXBuildFile</string>
		</dict>
		<key>51043207E6DA7C07E54F2B88</key>
		<dict>
			<key>fileEncoding</key>
			<string>4</string>
			<key>isa</key>
			<string>PBXFileReference</string>
			<key>lastKnownFileType</key>
			<string>sourcecode.c.objc</string>
			<key>path</key>
			<string>PhotoStreamViewController.m</string>
			<key>sourceTree</key>
			<string>&lt;group&gt;</string>
		</dict>
		<key>510432AAC735F6797D1522FB</key>
		<dict>
			<key>fileEncoding</key>
			<string>4</string>
			<key>isa</key>
			<string>PBXFileReference</string>
			<key>lastKnownFileType</key>
			<string>sourcecode.c.h</string>
			<key>path</key>
			<string>StreamItemCreator.h</string>
			<key>sourceTree</key>
			<string>&lt;group&gt;</string>
		</dict>
		<key>5104335135485178594E1772</key>
		<dict>
			<key>fileEncoding</key>
			<string>4</string>
			<key>isa</key>
			<string>PBXFileReference</string>
			<key>lastKnownFileType</key>
			<string>sourcecode.c.h</string>
			<key>path</key>
			<string>Configurator.h</string>
			<key>sourceTree</key>
			<string>&lt;group&gt;</string>
		</dict>
		<key>510433ABB1897A0420B539B4</key>
		<dict>
			<key>fileEncoding</key>
			<string>4</string>
			<key>isa</key>
			<string>PBXFileReference</string>
			<key>lastKnownFileType</key>
			<string>sourcecode.c.h</string>
			<key>path</key>
			<string>StreamItemDownloader.h</string>
			<key>sourceTree</key>
			<string>&lt;group&gt;</string>
		</dict>
		<key>510433D6C025A50F0EFD5946</key>
		<dict>
			<key>fileEncoding</key>
			<string>4</string>
			<key>isa</key>
			<string>PBXFileReference</string>
			<key>lastKnownFileType</key>
			<string>sourcecode.c.h</string>
			<key>path</key>
			<string>ConfigurationFactory.h</string>
			<key>sourceTree</key>
			<string>&lt;group&gt;</string>
		</dict>
		<key>5104345744CA86EDD8BC6565</key>
		<dict>
			<key>fileEncoding</key>
			<string>4</string>
			<key>isa</key>
			<string>PBXFileReference</string>
			<key>lastKnownFileType</key>
			<string>text.plist.strings</string>
			<key>path</key>
			<string>Localizable.strings</string>
			<key>sourceTree</key>
			<string>&lt;group&gt;</string>
		</dict>
		<key>51043490CB53601D7905B27C</key>
		<dict>
			<key>fileEncoding</key>
			<string>4</string>
			<key>isa</key>
			<string>PBXFileReference</string>
			<key>lastKnownFileType</key>
			<string>sourcecode.c.objc</string>
			<key>path</key>
			<string>PhotoStreamLayout.m</string>
			<key>sourceTree</key>
			<string>&lt;group&gt;</string>
		</dict>
		<key>510434A8BD8A51FD6A30E5E7</key>
		<dict>
			<key>fileRef</key>
			<string>5104345744CA86EDD8BC6565</string>
			<key>isa</key>
			<string>PBXBuildFile</string>
		</dict>
		<key>510434B6A43EA784E14ADCCE</key>
		<dict>
			<key>fileRef</key>
			<string>510437936BA1CFAE94AA5BBB</string>
			<key>isa</key>
			<string>PBXBuildFile</string>
		</dict>
		<key>510434BAAD88EC50EEB039B1</key>
		<dict>
			<key>fileEncoding</key>
			<string>4</string>
			<key>isa</key>
			<string>PBXFileReference</string>
			<key>lastKnownFileType</key>
			<string>sourcecode.c.objc</string>
			<key>path</key>
			<string>StreamItemCreator.m</string>
			<key>sourceTree</key>
			<string>&lt;group&gt;</string>
		</dict>
		<key>5104360D9F181D89E20CA03C</key>
		<dict>
			<key>fileEncoding</key>
			<string>4</string>
			<key>isa</key>
			<string>PBXFileReference</string>
			<key>lastKnownFileType</key>
			<string>sourcecode.c.objc</string>
			<key>path</key>
			<string>Configurator.m</string>
			<key>sourceTree</key>
			<string>&lt;group&gt;</string>
		</dict>
		<key>510436386EF795A0010989C7</key>
		<dict>
			<key>children</key>
			<array>
				<string>51043490CB53601D7905B27C</string>
				<string>51043647DD431C4314D6D6C1</string>
				<string>510437B92629399AA5A617E6</string>
				<string>51043640F0691B27318ED39B</string>
			</array>
			<key>isa</key>
			<string>PBXGroup</string>
			<key>path</key>
			<string>UI</string>
			<key>sourceTree</key>
			<string>&lt;group&gt;</string>
		</dict>
		<key>51043640F0691B27318ED39B</key>
		<dict>
			<key>fileEncoding</key>
			<string>4</string>
			<key>isa</key>
			<string>PBXFileReference</string>
			<key>lastKnownFileType</key>
			<string>sourcecode.c.h</string>
			<key>path</key>
			<string>PhotoStreamCell.h</string>
			<key>sourceTree</key>
			<string>&lt;group&gt;</string>
		</dict>
		<key>51043647DD431C4314D6D6C1</key>
		<dict>
			<key>fileEncoding</key>
			<string>4</string>
			<key>isa</key>
			<string>PBXFileReference</string>
			<key>lastKnownFileType</key>
			<string>sourcecode.c.h</string>
			<key>path</key>
			<string>PhotoStreamLayout.h</string>
			<key>sourceTree</key>
			<string>&lt;group&gt;</string>
		</dict>
		<key>5104365C827422284475A68C</key>
		<dict>
			<key>fileRef</key>
			<string>51043B6325427C8FAF2CAAEE</string>
			<key>isa</key>
			<string>PBXBuildFile</string>
		</dict>
		<key>51043681C8216DA34C60E288</key>
		<dict>
			<key>fileEncoding</key>
			<string>4</string>
			<key>isa</key>
			<string>PBXFileReference</string>
			<key>lastKnownFileType</key>
			<string>sourcecode.c.h</string>
			<key>path</key>
			<string>ImageResizer.h</string>
			<key>sourceTree</key>
			<string>&lt;group&gt;</string>
		</dict>
		<key>510436CAD5C76AB731F5FC76</key>
		<dict>
			<key>fileEncoding</key>
			<string>4</string>
			<key>isa</key>
			<string>PBXFileReference</string>
			<key>lastKnownFileType</key>
			<string>sourcecode.c.objc</string>
			<key>path</key>
			<string>StreamItem.m</string>
			<key>sourceTree</key>
			<string>&lt;group&gt;</string>
		</dict>
		<key>510436DEA3790C3EBDBF7C87</key>
		<dict>
			<key>fileRef</key>
			<string>5104345744CA86EDD8BC6565</string>
			<key>isa</key>
			<string>PBXBuildFile</string>
		</dict>
		<key>510436E62419B941DDEA1A1D</key>
		<dict>
			<key>fileEncoding</key>
			<string>4</string>
			<key>isa</key>
			<string>PBXFileReference</string>
			<key>lastKnownFileType</key>
			<string>sourcecode.c.h</string>
			<key>path</key>
			<string>StreamItemTransformer.h</string>
			<key>sourceTree</key>
			<string>&lt;group&gt;</string>
		</dict>
		<key>510436F9CF147A9F0DE5D97B</key>
		<dict>
			<key>fileEncoding</key>
			<string>4</string>
			<key>isa</key>
			<string>PBXFileReference</string>
			<key>lastKnownFileType</key>
			<string>sourcecode.c.h</string>
			<key>path</key>
			<string>StreamItem.h</string>
			<key>sourceTree</key>
			<string>&lt;group&gt;</string>
		</dict>
		<key>51043773590E4A4E0B61C4F0</key>
		<dict>
			<key>children</key>
			<array>
				<string>51043AB14D427734F191F4B3</string>
				<string>510438A1415624392BB038A8</string>
			</array>
			<key>isa</key>
			<string>PBXGroup</string>
			<key>path</key>
			<string>Configurations</string>
			<key>sourceTree</key>
			<string>&lt;group&gt;</string>
		</dict>
		<key>510437936BA1CFAE94AA5BBB</key>
		<dict>
			<key>fileEncoding</key>
			<string>4</string>
			<key>isa</key>
			<string>PBXFileReference</string>
			<key>lastKnownFileType</key>
			<string>sourcecode.c.objc</string>
			<key>path</key>
			<string>StreamItemUploader.m</string>
			<key>sourceTree</key>
			<string>&lt;group&gt;</string>
		</dict>
		<key>510437B3AFF9B4DFB61D4D37</key>
		<dict>
			<key>fileRef</key>
			<string>51043C0A7BD0895BF7021DFB</string>
			<key>isa</key>
			<string>PBXBuildFile</string>
		</dict>
		<key>510437B92629399AA5A617E6</key>
		<dict>
			<key>fileEncoding</key>
			<string>4</string>
			<key>isa</key>
			<string>PBXFileReference</string>
			<key>lastKnownFileType</key>
			<string>sourcecode.c.objc</string>
			<key>path</key>
			<string>PhotoStreamCell.m</string>
			<key>sourceTree</key>
			<string>&lt;group&gt;</string>
		</dict>
		<key>510437C9E9173E0AEE1BF5D9</key>
		<dict>
			<key>fileRef</key>
			<string>51043207E6DA7C07E54F2B88</string>
			<key>isa</key>
			<string>PBXBuildFile</string>
		</dict>
		<key>5104384BE0B04D91B48B5A49</key>
		<dict>
			<key>fileEncoding</key>
			<string>4</string>
			<key>isa</key>
			<string>PBXFileReference</string>
			<key>lastKnownFileType</key>
			<string>sourcecode.c.h</string>
			<key>path</key>
			<string>Configuration.h</string>
			<key>sourceTree</key>
			<string>&lt;group&gt;</string>
		</dict>
		<key>510438A1415624392BB038A8</key>
		<dict>
			<key>fileEncoding</key>
			<string>4</string>
			<key>isa</key>
			<string>PBXFileReference</string>
			<key>lastKnownFileType</key>
			<string>sourcecode.c.h</string>
			<key>path</key>
			<string>GdanskConfiguration.h</string>
			<key>sourceTree</key>
			<string>&lt;group&gt;</string>
		</dict>
		<key>5104396E024236D211BE68A7</key>
		<dict>
			<key>fileEncoding</key>
			<string>4</string>
			<key>isa</key>
			<string>PBXFileReference</string>
			<key>lastKnownFileType</key>
			<string>sourcecode.c.objc</string>
			<key>path</key>
			<string>StreamItemPreviewViewControllerSpec.m</string>
			<key>sourceTree</key>
			<string>&lt;group&gt;</string>
		</dict>
		<key>510439AF098214E645561005</key>
		<dict>
			<key>fileEncoding</key>
			<string>4</string>
			<key>isa</key>
			<string>PBXFileReference</string>
			<key>lastKnownFileType</key>
			<string>sourcecode.c.h</string>
			<key>path</key>
			<string>PhotoStreamViewController.h</string>
			<key>sourceTree</key>
			<string>&lt;group&gt;</string>
		</dict>
		<key>510439BD510B17C8EEF28909</key>
		<dict>
			<key>fileEncoding</key>
			<string>4</string>
			<key>isa</key>
			<string>PBXFileReference</string>
			<key>lastKnownFileType</key>
			<string>sourcecode.c.objc</string>
			<key>path</key>
			<string>ImageResizer.m</string>
			<key>sourceTree</key>
			<string>&lt;group&gt;</string>
		</dict>
		<key>51043A111913B3C14E89500B</key>
		<dict>
			<key>fileRef</key>
			<string>510439BD510B17C8EEF28909</string>
			<key>isa</key>
			<string>PBXBuildFile</string>
		</dict>
		<key>51043AB14D427734F191F4B3</key>
		<dict>
			<key>fileEncoding</key>
			<string>4</string>
			<key>isa</key>
			<string>PBXFileReference</string>
			<key>lastKnownFileType</key>
			<string>sourcecode.c.objc</string>
			<key>path</key>
			<string>GdanskConfiguration.m</string>
			<key>sourceTree</key>
			<string>&lt;group&gt;</string>
		</dict>
		<key>51043B6325427C8FAF2CAAEE</key>
		<dict>
			<key>fileEncoding</key>
			<string>4</string>
			<key>isa</key>
			<string>PBXFileReference</string>
			<key>lastKnownFileType</key>
			<string>sourcecode.c.objc</string>
			<key>path</key>
			<string>StreamItemDownloader.m</string>
			<key>sourceTree</key>
			<string>&lt;group&gt;</string>
		</dict>
		<key>51043C0A7BD0895BF7021DFB</key>
		<dict>
			<key>fileEncoding</key>
			<string>4</string>
			<key>isa</key>
			<string>PBXFileReference</string>
			<key>lastKnownFileType</key>
			<string>sourcecode.c.objc</string>
			<key>path</key>
			<string>ConfigurationFactory.m</string>
			<key>sourceTree</key>
			<string>&lt;group&gt;</string>
		</dict>
		<key>51043C783E82165202F605B2</key>
		<dict>
			<key>fileRef</key>
			<string>510436CAD5C76AB731F5FC76</string>
			<key>isa</key>
			<string>PBXBuildFile</string>
		</dict>
		<key>51043C7AD35D283FC3A8997B</key>
		<dict>
			<key>fileEncoding</key>
			<string>4</string>
			<key>isa</key>
			<string>PBXFileReference</string>
			<key>lastKnownFileType</key>
			<string>sourcecode.c.objc</string>
			<key>path</key>
			<string>StreamItemTransformer.m</string>
			<key>sourceTree</key>
			<string>&lt;group&gt;</string>
		</dict>
		<key>51043DB9335FD27CFF47F901</key>
		<dict>
			<key>fileRef</key>
			<string>51043490CB53601D7905B27C</string>
			<key>isa</key>
			<string>PBXBuildFile</string>
		</dict>
		<key>51043DE3BA6425BDC5EDDCAE</key>
		<dict>
			<key>children</key>
			<array>
				<string>510437936BA1CFAE94AA5BBB</string>
				<string>51043F16E2B9F624D87DD1E0</string>
				<string>510436CAD5C76AB731F5FC76</string>
				<string>510436F9CF147A9F0DE5D97B</string>
				<string>510434BAAD88EC50EEB039B1</string>
				<string>510432AAC735F6797D1522FB</string>
				<string>51043B6325427C8FAF2CAAEE</string>
				<string>510433ABB1897A0420B539B4</string>
				<string>51043C7AD35D283FC3A8997B</string>
				<string>510436E62419B941DDEA1A1D</string>
			</array>
			<key>isa</key>
			<string>PBXGroup</string>
			<key>path</key>
			<string>Model</string>
			<key>sourceTree</key>
			<string>&lt;group&gt;</string>
		</dict>
		<key>51043DE94D02BF3DAD3C447E</key>
		<dict>
			<key>fileEncoding</key>
			<string>4</string>
			<key>isa</key>
			<string>PBXFileReference</string>
			<key>lastKnownFileType</key>
			<string>sourcecode.c.objc</string>
			<key>path</key>
			<string>StreamItemPreviewViewController.m</string>
			<key>sourceTree</key>
			<string>&lt;group&gt;</string>
		</dict>
		<key>51043E931A99B1B2AAB437DB</key>
		<dict>
			<key>fileRef</key>
			<string>510437B92629399AA5A617E6</string>
			<key>isa</key>
			<string>PBXBuildFile</string>
		</dict>
		<key>51043F16E2B9F624D87DD1E0</key>
		<dict>
			<key>fileEncoding</key>
			<string>4</string>
			<key>isa</key>
			<string>PBXFileReference</string>
			<key>lastKnownFileType</key>
			<string>sourcecode.c.h</string>
			<key>path</key>
			<string>StreamItemUploader.h</string>
			<key>sourceTree</key>
			<string>&lt;group&gt;</string>
		</dict>
		<key>51043F48261F9EF558458820</key>
		<dict>
			<key>fileRef</key>
			<string>51043C7AD35D283FC3A8997B</string>
			<key>isa</key>
			<string>PBXBuildFile</string>
		</dict>
		<key>51043FAA43E3EC9A3D85074C</key>
		<dict>
			<key>fileRef</key>
			<string>5104360D9F181D89E20CA03C</string>
			<key>isa</key>
			<string>PBXBuildFile</string>
		</dict>
		<key>5C16B5A2F5606619CC37A780</key>
		<dict>
			<key>children</key>
			<array>
				<string>325AABD7BFEC82A5BC08FCDF</string>
				<string>A63F4361163A0CA7E0B47B93</string>
				<string>3F8221EAE0EA91C5206E325A</string>
				<string>F7755B06CE94C4B54FA029A7</string>
			</array>
			<key>isa</key>
			<string>PBXGroup</string>
			<key>name</key>
			<string>Pods</string>
			<key>sourceTree</key>
			<string>&lt;group&gt;</string>
		</dict>
		<key>8108605EE578750878FC1317</key>
		<dict>
			<key>fileEncoding</key>
			<string>4</string>
			<key>isa</key>
			<string>PBXFileReference</string>
			<key>lastKnownFileType</key>
			<string>sourcecode.c.h</string>
			<key>path</key>
			<string>PollTextView.h</string>
			<key>sourceTree</key>
			<string>&lt;group&gt;</string>
		</dict>
		<key>8108618342CE3920552B0D80</key>
		<dict>
			<key>fileRef</key>
			<string>81086E6021AE14C1F87E9B1B</string>
			<key>isa</key>
			<string>PBXBuildFile</string>
		</dict>
		<key>8108618E9EA466C9108D9CDB</key>
		<dict>
			<key>fileEncoding</key>
			<string>4</string>
			<key>isa</key>
			<string>PBXFileReference</string>
			<key>lastKnownFileType</key>
			<string>sourcecode.c.h</string>
			<key>path</key>
			<string>AgendaProvider+SharedInstance.h</string>
			<key>sourceTree</key>
			<string>&lt;group&gt;</string>
		</dict>
		<key>81086306084AE59953A39AB2</key>
		<dict>
			<key>fileEncoding</key>
			<string>4</string>
			<key>isa</key>
			<string>PBXFileReference</string>
			<key>lastKnownFileType</key>
			<string>sourcecode.c.objc</string>
			<key>path</key>
			<string>AgendaProvider+SharedInstance.m</string>
			<key>sourceTree</key>
			<string>&lt;group&gt;</string>
		</dict>
		<key>810863A399DF2C73F86CBB3C</key>
		<dict>
			<key>isa</key>
			<string>PBXFileReference</string>
			<key>lastKnownFileType</key>
			<string>file.JSON</string>
			<key>path</key>
			<string>Agenda.JSON</string>
			<key>sourceTree</key>
			<string>&lt;group&gt;</string>
		</dict>
		<key>810864359846629EC344E7DC</key>
		<dict>
			<key>fileEncoding</key>
			<string>4</string>
			<key>isa</key>
			<string>PBXFileReference</string>
			<key>lastKnownFileType</key>
			<string>sourcecode.c.h</string>
			<key>path</key>
			<string>PollTextField.h</string>
			<key>sourceTree</key>
			<string>&lt;group&gt;</string>
		</dict>
		<key>81086445592BEC5457D4163D</key>
		<dict>
			<key>fileRef</key>
			<string>8108658947B4BF9E7612FDE6</string>
			<key>isa</key>
			<string>PBXBuildFile</string>
		</dict>
		<key>810864696868DEB6E3D638D9</key>
		<dict>
			<key>fileEncoding</key>
			<string>4</string>
			<key>isa</key>
			<string>PBXFileReference</string>
			<key>lastKnownFileType</key>
			<string>sourcecode.c.objc</string>
			<key>path</key>
			<string>PollView.m</string>
			<key>sourceTree</key>
			<string>&lt;group&gt;</string>
		</dict>
		<key>8108658947B4BF9E7612FDE6</key>
		<dict>
			<key>fileEncoding</key>
			<string>4</string>
			<key>isa</key>
			<string>PBXFileReference</string>
			<key>lastKnownFileType</key>
			<string>sourcecode.c.objc</string>
			<key>path</key>
			<string>NSLayoutConstraint+Utilities.m</string>
			<key>sourceTree</key>
			<string>&lt;group&gt;</string>
		</dict>
		<key>810865CD1845B24926B9304F</key>
		<dict>
			<key>fileEncoding</key>
			<string>4</string>
			<key>isa</key>
			<string>PBXFileReference</string>
			<key>lastKnownFileType</key>
			<string>sourcecode.c.objc</string>
			<key>path</key>
			<string>PollSliderItem.m</string>
			<key>sourceTree</key>
			<string>&lt;group&gt;</string>
		</dict>
		<key>810866338622BEC7C4C0EB4A</key>
		<dict>
			<key>fileRef</key>
			<string>81086B0D9ED2535E7BDB6F6A</string>
			<key>isa</key>
			<string>PBXBuildFile</string>
		</dict>
		<key>81086643ADD18D8483B46345</key>
		<dict>
			<key>fileEncoding</key>
			<string>4</string>
			<key>isa</key>
			<string>PBXFileReference</string>
			<key>lastKnownFileType</key>
			<string>sourcecode.c.h</string>
			<key>path</key>
			<string>PollViewController.h</string>
			<key>sourceTree</key>
			<string>&lt;group&gt;</string>
		</dict>
		<key>8108669326B9976BB96F7862</key>
		<dict>
			<key>fileEncoding</key>
			<string>4</string>
			<key>isa</key>
			<string>PBXFileReference</string>
			<key>lastKnownFileType</key>
			<string>sourcecode.c.objc</string>
			<key>path</key>
			<string>PollTextField.m</string>
			<key>sourceTree</key>
			<string>&lt;group&gt;</string>
		</dict>
		<key>810866B138C3E04FB14466FC</key>
		<dict>
			<key>fileRef</key>
			<string>810867D57EB6024B3BB3AFC1</string>
			<key>isa</key>
			<string>PBXBuildFile</string>
		</dict>
		<key>810866EA08EFFD118D9F0215</key>
		<dict>
			<key>children</key>
			<array>
				<string>810869F55DD4C0792EA5B12D</string>
				<string>81086CD4AEBE58551F6543E9</string>
			</array>
			<key>isa</key>
			<string>PBXGroup</string>
			<key>path</key>
			<string>Poll</string>
			<key>sourceTree</key>
			<string>&lt;group&gt;</string>
		</dict>
		<key>810866F1FE320FA1B2B2F023</key>
		<dict>
			<key>fileRef</key>
			<string>810863A399DF2C73F86CBB3C</string>
			<key>isa</key>
			<string>PBXBuildFile</string>
		</dict>
		<key>810866FCAC38E491806480F0</key>
		<dict>
			<key>fileEncoding</key>
			<string>4</string>
			<key>isa</key>
			<string>PBXFileReference</string>
			<key>lastKnownFileType</key>
			<string>sourcecode.c.h</string>
			<key>path</key>
			<string>PollView.h</string>
			<key>sourceTree</key>
			<string>&lt;group&gt;</string>
		</dict>
		<key>81086747DA487D249A16BAFE</key>
		<dict>
			<key>fileRef</key>
			<string>810865CD1845B24926B9304F</string>
			<key>isa</key>
			<string>PBXBuildFile</string>
		</dict>
		<key>810867CEB226013EA92C4573</key>
		<dict>
			<key>fileEncoding</key>
			<string>4</string>
			<key>isa</key>
			<string>PBXFileReference</string>
			<key>lastKnownFileType</key>
			<string>sourcecode.c.h</string>
			<key>path</key>
			<string>PollManager.h</string>
			<key>sourceTree</key>
			<string>&lt;group&gt;</string>
		</dict>
		<key>810867D57EB6024B3BB3AFC1</key>
		<dict>
			<key>fileEncoding</key>
			<string>4</string>
			<key>isa</key>
			<string>PBXFileReference</string>
			<key>lastKnownFileType</key>
			<string>sourcecode.c.objc</string>
			<key>path</key>
			<string>PollViewController.m</string>
			<key>sourceTree</key>
			<string>&lt;group&gt;</string>
		</dict>
		<key>8108682AA5667A81D05AEA16</key>
		<dict>
			<key>fileEncoding</key>
			<string>4</string>
			<key>isa</key>
			<string>PBXFileReference</string>
			<key>lastKnownFileType</key>
			<string>sourcecode.c.objc</string>
			<key>path</key>
			<string>PollSlider.m</string>
			<key>sourceTree</key>
			<string>&lt;group&gt;</string>
		</dict>
		<key>8108686FD8B0743CDB46E184</key>
		<dict>
			<key>children</key>
			<array>
				<string>8108690BD9973061F45B5948</string>
				<string>8108682AA5667A81D05AEA16</string>
				<string>8108605EE578750878FC1317</string>
				<string>81086B0D9ED2535E7BDB6F6A</string>
				<string>810864359846629EC344E7DC</string>
				<string>8108669326B9976BB96F7862</string>
			</array>
			<key>isa</key>
			<string>PBXGroup</string>
			<key>path</key>
			<string>Controls</string>
			<key>sourceTree</key>
			<string>&lt;group&gt;</string>
		</dict>
		<key>8108689579060B5FF554F6FE</key>
		<dict>
			<key>fileEncoding</key>
			<string>4</string>
			<key>isa</key>
			<string>PBXFileReference</string>
			<key>lastKnownFileType</key>
			<string>sourcecode.c.h</string>
			<key>path</key>
			<string>Poll.h</string>
			<key>sourceTree</key>
			<string>&lt;group&gt;</string>
		</dict>
		<key>810868C67B5D309FA50BE791</key>
		<dict>
			<key>fileRef</key>
			<string>81086306084AE59953A39AB2</string>
			<key>isa</key>
			<string>PBXBuildFile</string>
		</dict>
		<key>8108690BD9973061F45B5948</key>
		<dict>
			<key>fileEncoding</key>
			<string>4</string>
			<key>isa</key>
			<string>PBXFileReference</string>
			<key>lastKnownFileType</key>
			<string>sourcecode.c.h</string>
			<key>path</key>
			<string>PollSlider.h</string>
			<key>sourceTree</key>
			<string>&lt;group&gt;</string>
		</dict>
		<key>810869F06A8D5E31BAE527C8</key>
		<dict>
			<key>fileRef</key>
			<string>81086B00684003C35FE988C4</string>
			<key>isa</key>
			<string>PBXBuildFile</string>
		</dict>
		<key>810869F55DD4C0792EA5B12D</key>
		<dict>
			<key>children</key>
			<array>
				<string>8108686FD8B0743CDB46E184</string>
				<string>810866FCAC38E491806480F0</string>
				<string>810864696868DEB6E3D638D9</string>
				<string>81086643ADD18D8483B46345</string>
				<string>810867D57EB6024B3BB3AFC1</string>
			</array>
			<key>isa</key>
			<string>PBXGroup</string>
			<key>path</key>
			<string>UI</string>
			<key>sourceTree</key>
			<string>&lt;group&gt;</string>
		</dict>
		<key>81086B00684003C35FE988C4</key>
		<dict>
			<key>fileEncoding</key>
			<string>4</string>
			<key>isa</key>
			<string>PBXFileReference</string>
			<key>lastKnownFileType</key>
			<string>sourcecode.c.objc</string>
			<key>path</key>
			<string>PollManager.m</string>
			<key>sourceTree</key>
			<string>&lt;group&gt;</string>
		</dict>
		<key>81086B0D9ED2535E7BDB6F6A</key>
		<dict>
			<key>fileEncoding</key>
			<string>4</string>
			<key>isa</key>
			<string>PBXFileReference</string>
			<key>lastKnownFileType</key>
			<string>sourcecode.c.objc</string>
			<key>path</key>
			<string>PollTextView.m</string>
			<key>sourceTree</key>
			<string>&lt;group&gt;</string>
		</dict>
		<key>81086B937B61D6A399390A39</key>
		<dict>
			<key>children</key>
			<array>
				<string>8108658947B4BF9E7612FDE6</string>
				<string>81086FFD6A2E06064ABAE888</string>
			</array>
			<key>isa</key>
			<string>PBXGroup</string>
			<key>path</key>
			<string>Utilities</string>
			<key>sourceTree</key>
			<string>&lt;group&gt;</string>
		</dict>
		<key>81086C9C3664DABFE46AD77B</key>
		<dict>
			<key>fileEncoding</key>
			<string>4</string>
			<key>isa</key>
			<string>PBXFileReference</string>
			<key>lastKnownFileType</key>
			<string>sourcecode.c.h</string>
			<key>path</key>
			<string>PollSliderItem.h</string>
			<key>sourceTree</key>
			<string>&lt;group&gt;</string>
		</dict>
		<key>81086CD4AEBE58551F6543E9</key>
		<dict>
			<key>children</key>
			<array>
				<string>8108689579060B5FF554F6FE</string>
				<string>81086E6021AE14C1F87E9B1B</string>
				<string>810867CEB226013EA92C4573</string>
				<string>81086B00684003C35FE988C4</string>
				<string>81086C9C3664DABFE46AD77B</string>
				<string>810865CD1845B24926B9304F</string>
			</array>
			<key>isa</key>
			<string>PBXGroup</string>
			<key>path</key>
			<string>Model</string>
			<key>sourceTree</key>
			<string>&lt;group&gt;</string>
		</dict>
		<key>81086CDC548B56E717FF22C7</key>
		<dict>
			<key>fileRef</key>
			<string>8108682AA5667A81D05AEA16</string>
			<key>isa</key>
			<string>PBXBuildFile</string>
		</dict>
		<key>81086E163A9DFF20967D20E4</key>
		<dict>
			<key>fileRef</key>
			<string>8108669326B9976BB96F7862</string>
			<key>isa</key>
			<string>PBXBuildFile</string>
		</dict>
		<key>81086E6021AE14C1F87E9B1B</key>
		<dict>
			<key>fileEncoding</key>
			<string>4</string>
			<key>isa</key>
			<string>PBXFileReference</string>
			<key>lastKnownFileType</key>
			<string>sourcecode.c.objc</string>
			<key>path</key>
			<string>Poll.m</string>
			<key>sourceTree</key>
			<string>&lt;group&gt;</string>
		</dict>
		<key>81086E78FC205DB4277A4652</key>
		<dict>
			<key>fileRef</key>
			<string>810864696868DEB6E3D638D9</string>
			<key>isa</key>
			<string>PBXBuildFile</string>
		</dict>
		<key>81086FFD6A2E06064ABAE888</key>
		<dict>
			<key>fileEncoding</key>
			<string>4</string>
			<key>isa</key>
			<string>PBXFileReference</string>
			<key>lastKnownFileType</key>
			<string>sourcecode.c.h</string>
			<key>path</key>
			<string>NSLayoutConstraint+Utilities.h</string>
			<key>sourceTree</key>
			<string>&lt;group&gt;</string>
		</dict>
		<key>85B6ADA36F4C4FF69C246BB4</key>
		<dict>
			<key>buildActionMask</key>
			<string>2147483647</string>
			<key>files</key>
			<array/>
			<key>inputPaths</key>
			<array/>
			<key>isa</key>
			<string>PBXShellScriptBuildPhase</string>
			<key>name</key>
			<string>Check Pods Manifest.lock</string>
			<key>outputPaths</key>
			<array/>
			<key>runOnlyForDeploymentPostprocessing</key>
			<string>0</string>
			<key>shellPath</key>
			<string>/bin/sh</string>
			<key>shellScript</key>
			<string>diff "${PODS_ROOT}/../Podfile.lock" "${PODS_ROOT}/Manifest.lock" &gt; /dev/null
if [[ $? != 0 ]] ; then
    cat &lt;&lt; EOM
error: The sandbox is not in sync with the Podfile.lock. Run 'pod install' or update your CocoaPods installation.
EOM
    exit 1
fi
</string>
			<key>showEnvVarsInLog</key>
			<string>0</string>
		</dict>
		<key>944AF0D51907124D00C36DA1</key>
		<dict>
			<key>fileRef</key>
			<string>510430351EDD2ECC10DB5F0C</string>
			<key>isa</key>
			<string>PBXBuildFile</string>
		</dict>
		<key>A63F4361163A0CA7E0B47B93</key>
		<dict>
			<key>includeInIndex</key>
			<string>1</string>
			<key>isa</key>
			<string>PBXFileReference</string>
			<key>lastKnownFileType</key>
			<string>text.xcconfig</string>
			<key>name</key>
			<string>Pods.release.xcconfig</string>
			<key>path</key>
			<string>Pods/Target Support Files/Pods/Pods.release.xcconfig</string>
			<key>sourceTree</key>
			<string>&lt;group&gt;</string>
		</dict>
		<key>B27A901654FE494E865AF180</key>
		<dict>
			<key>fileRef</key>
			<string>B27A9BB373E87A85573C3463</string>
			<key>isa</key>
			<string>PBXBuildFile</string>
		</dict>
		<key>B27A9056ADDB5BAB5972C05E</key>
		<dict>
			<key>fileRef</key>
			<string>B27A9C59E6E6435FEAA650A4</string>
			<key>isa</key>
			<string>PBXBuildFile</string>
		</dict>
		<key>B27A905CCCD72204B3022D5F</key>
		<dict>
			<key>children</key>
			<array>
				<string>B27A9BB373E87A85573C3463</string>
				<string>B27A978BF7383A6A17F08BA5</string>
				<string>B27A9BE18D0C70ACFDEE0C5E</string>
				<string>B27A92D0682AFE21E11385A9</string>
			</array>
			<key>isa</key>
			<string>PBXGroup</string>
			<key>path</key>
			<string>Agenda</string>
			<key>sourceTree</key>
			<string>&lt;group&gt;</string>
		</dict>
		<key>B27A906A6CF5289BAF372867</key>
		<dict>
			<key>fileEncoding</key>
			<string>4</string>
			<key>isa</key>
			<string>PBXFileReference</string>
			<key>lastKnownFileType</key>
			<string>sourcecode.c.h</string>
			<key>path</key>
			<string>SpeakerCollectionViewCell.h</string>
			<key>sourceTree</key>
			<string>&lt;group&gt;</string>
		</dict>
		<key>B27A90C1276516EF0976C721</key>
		<dict>
			<key>fileRef</key>
			<string>B27A98A82123128D7921D187</string>
			<key>isa</key>
			<string>PBXBuildFile</string>
		</dict>
		<key>B27A9102589328414886245B</key>
		<dict>
			<key>fileRef</key>
			<string>B27A9F1C86B830D77578705F</string>
			<key>isa</key>
			<string>PBXBuildFile</string>
		</dict>
		<key>B27A91BBD0A018454C9F8083</key>
		<dict>
			<key>children</key>
			<array>
				<string>B27A9438A2AE6D7D8129E745</string>
				<string>B27A9854DEB8FC40133A1938</string>
				<string>B27A93855BF2107C0B4BF793</string>
				<string>B27A96CC784650B22E261274</string>
				<string>B27A9720DB26070703067460</string>
				<string>B27A9974490EAF0CCE630A99</string>
				<string>B27A9AC841A2DE6B9E8CE871</string>
				<string>B27A997854D3543F86E615CE</string>
			</array>
			<key>isa</key>
			<string>PBXGroup</string>
			<key>path</key>
			<string>Speakers View Controller</string>
			<key>sourceTree</key>
			<string>&lt;group&gt;</string>
		</dict>
		<key>B27A91D8F9FC82A0D8F2EB73</key>
		<dict>
			<key>fileEncoding</key>
			<string>4</string>
			<key>isa</key>
			<string>PBXFileReference</string>
			<key>lastKnownFileType</key>
			<string>sourcecode.c.h</string>
			<key>path</key>
			<string>AppDelegate.h</string>
			<key>sourceTree</key>
			<string>&lt;group&gt;</string>
		</dict>
		<key>B27A925418322C40B77A8998</key>
		<dict>
			<key>fileRef</key>
			<string>B27A9FB3501C500CA929A2A1</string>
			<key>isa</key>
			<string>PBXBuildFile</string>
		</dict>
		<key>B27A928374737A6869A3182D</key>
		<dict>
			<key>fileRef</key>
			<string>B27A9C59E6E6435FEAA650A4</string>
			<key>isa</key>
			<string>PBXBuildFile</string>
		</dict>
		<key>B27A9294987EC3FA6A167639</key>
		<dict>
			<key>fileEncoding</key>
			<string>4</string>
			<key>isa</key>
			<string>PBXFileReference</string>
			<key>lastKnownFileType</key>
			<string>sourcecode.c.h</string>
			<key>path</key>
			<string>TDD Workshop-Prefix.pch</string>
			<key>sourceTree</key>
			<string>&lt;group&gt;</string>
		</dict>
		<key>B27A92AF299A933F6819BD8F</key>
		<dict>
			<key>fileEncoding</key>
			<string>4</string>
			<key>isa</key>
			<string>PBXFileReference</string>
			<key>lastKnownFileType</key>
			<string>sourcecode.c.objc</string>
			<key>path</key>
			<string>SpeakersCollectionViewDataSource.m</string>
			<key>sourceTree</key>
			<string>&lt;group&gt;</string>
		</dict>
		<key>B27A92B6316A1E604BF9B98F</key>
		<dict>
			<key>fileRef</key>
			<string>B27A9A99558246AC21EABCD7</string>
			<key>isa</key>
			<string>PBXBuildFile</string>
		</dict>
		<key>B27A92D0682AFE21E11385A9</key>
		<dict>
			<key>fileEncoding</key>
			<string>4</string>
			<key>isa</key>
			<string>PBXFileReference</string>
			<key>lastKnownFileType</key>
			<string>sourcecode.c.objc</string>
			<key>path</key>
			<string>AgendaViewControllerSpec.m</string>
			<key>sourceTree</key>
			<string>&lt;group&gt;</string>
		</dict>
		<key>B27A93238C3DB4F0859DD791</key>
		<dict>
			<key>fileRef</key>
			<string>B27A92D0682AFE21E11385A9</string>
			<key>isa</key>
			<string>PBXBuildFile</string>
		</dict>
		<key>B27A937730478652E2F1969E</key>
		<dict>
			<key>fileRef</key>
			<string>B27A9EA130AFF757F72BDC66</string>
			<key>isa</key>
			<string>PBXBuildFile</string>
		</dict>
		<key>B27A93855BF2107C0B4BF793</key>
		<dict>
			<key>fileEncoding</key>
			<string>4</string>
			<key>isa</key>
			<string>PBXFileReference</string>
			<key>lastKnownFileType</key>
			<string>sourcecode.c.h</string>
			<key>path</key>
			<string>SpeakersViewController.h</string>
			<key>sourceTree</key>
			<string>&lt;group&gt;</string>
		</dict>
		<key>B27A93BC50952551175D197B</key>
		<dict>
			<key>fileRef</key>
			<string>B27A9A7F313CB7B4BA43122F</string>
			<key>isa</key>
			<string>PBXBuildFile</string>
		</dict>
		<key>B27A9438A2AE6D7D8129E745</key>
		<dict>
			<key>children</key>
			<array>
				<string>B27A95D785FBAC782725090F</string>
				<string>B27A9CFFF76719DF63F378A8</string>
			</array>
			<key>isa</key>
			<string>PBXGroup</string>
			<key>path</key>
			<string>Model</string>
			<key>sourceTree</key>
			<string>&lt;group&gt;</string>
		</dict>
		<key>B27A945B2F9713B160FE4645</key>
		<dict>
			<key>fileEncoding</key>
			<string>4</string>
			<key>isa</key>
			<string>PBXFileReference</string>
			<key>lastKnownFileType</key>
			<string>sourcecode.c.objc</string>
			<key>path</key>
			<string>main.m</string>
			<key>sourceTree</key>
			<string>&lt;group&gt;</string>
		</dict>
		<key>B27A946A674AB41D1AD4B020</key>
		<dict>
			<key>fileEncoding</key>
			<string>4</string>
			<key>isa</key>
			<string>PBXFileReference</string>
			<key>lastKnownFileType</key>
			<string>sourcecode.c.h</string>
			<key>path</key>
			<string>SpeakerCell.h</string>
			<key>sourceTree</key>
			<string>&lt;group&gt;</string>
		</dict>
		<key>B27A954E6E7A4E4CA2F00D8A</key>
		<dict>
			<key>fileRef</key>
			<string>B27A9720DB26070703067460</string>
			<key>isa</key>
			<string>PBXBuildFile</string>
		</dict>
		<key>B27A95CBA8217D8E220C878C</key>
		<dict>
			<key>fileEncoding</key>
			<string>4</string>
			<key>isa</key>
			<string>PBXFileReference</string>
			<key>lastKnownFileType</key>
			<string>sourcecode.c.h</string>
			<key>path</key>
			<string>SpeakersCollectionViewLayout.h</string>
			<key>sourceTree</key>
			<string>&lt;group&gt;</string>
		</dict>
		<key>B27A95D785FBAC782725090F</key>
		<dict>
			<key>fileEncoding</key>
			<string>4</string>
			<key>isa</key>
			<string>PBXFileReference</string>
			<key>lastKnownFileType</key>
			<string>sourcecode.c.h</string>
			<key>path</key>
			<string>Speaker.h</string>
			<key>sourceTree</key>
			<string>&lt;group&gt;</string>
		</dict>
		<key>B27A962953CC54B6ECA2B94E</key>
		<dict>
			<key>fileEncoding</key>
			<string>4</string>
			<key>isa</key>
			<string>PBXFileReference</string>
			<key>lastKnownFileType</key>
			<string>sourcecode.c.h</string>
			<key>path</key>
			<string>RootTabBarController.h</string>
			<key>sourceTree</key>
			<string>&lt;group&gt;</string>
		</dict>
		<key>B27A968609A6DC361DD37334</key>
		<dict>
			<key>fileEncoding</key>
			<string>4</string>
			<key>isa</key>
			<string>PBXFileReference</string>
			<key>lastKnownFileType</key>
			<string>sourcecode.c.h</string>
			<key>path</key>
			<string>SpeakerDetailsViewController.h</string>
			<key>sourceTree</key>
			<string>&lt;group&gt;</string>
		</dict>
		<key>B27A96CC784650B22E261274</key>
		<dict>
			<key>fileEncoding</key>
			<string>4</string>
			<key>isa</key>
			<string>PBXFileReference</string>
			<key>lastKnownFileType</key>
			<string>sourcecode.c.objc</string>
			<key>path</key>
			<string>SpeakersViewController.m</string>
			<key>sourceTree</key>
			<string>&lt;group&gt;</string>
		</dict>
		<key>B27A9720DB26070703067460</key>
		<dict>
			<key>fileEncoding</key>
			<string>4</string>
			<key>isa</key>
			<string>PBXFileReference</string>
			<key>lastKnownFileType</key>
			<string>sourcecode.c.objc</string>
			<key>path</key>
			<string>SpeakersViewControllerSpec.m</string>
			<key>sourceTree</key>
			<string>&lt;group&gt;</string>
		</dict>
		<key>B27A9726136F5C773F598D6D</key>
		<dict>
			<key>fileRef</key>
			<string>B27A9BFB623551B2B8B63403</string>
			<key>isa</key>
			<string>PBXBuildFile</string>
		</dict>
		<key>B27A978BF7383A6A17F08BA5</key>
		<dict>
			<key>fileEncoding</key>
			<string>4</string>
			<key>isa</key>
			<string>PBXFileReference</string>
			<key>lastKnownFileType</key>
			<string>sourcecode.c.h</string>
			<key>path</key>
			<string>AgendaViewController.h</string>
			<key>sourceTree</key>
			<string>&lt;group&gt;</string>
		</dict>
		<key>B27A97CEB86DD7DCEFFB29BD</key>
		<dict>
			<key>fileEncoding</key>
			<string>4</string>
			<key>isa</key>
			<string>PBXFileReference</string>
			<key>lastKnownFileType</key>
			<string>text.plist.info</string>
			<key>path</key>
			<string>TDD Workshop-Info.plist</string>
			<key>sourceTree</key>
			<string>&lt;group&gt;</string>
		</dict>
		<key>B27A97D7E26B0DD389DAA34F</key>
		<dict>
			<key>fileEncoding</key>
			<string>4</string>
			<key>isa</key>
			<string>PBXFileReference</string>
			<key>lastKnownFileType</key>
			<string>sourcecode.c.objc</string>
			<key>path</key>
			<string>RootTabBarController.m</string>
			<key>sourceTree</key>
			<string>&lt;group&gt;</string>
		</dict>
		<key>B27A97FE7901600A8818F3DA</key>
		<dict>
			<key>fileRef</key>
			<string>B27A9E37AC949A57E1B51C39</string>
			<key>isa</key>
			<string>PBXBuildFile</string>
		</dict>
		<key>B27A9854DEB8FC40133A1938</key>
		<dict>
			<key>children</key>
			<array>
				<string>B27A92AF299A933F6819BD8F</string>
				<string>B27A992CDED62E26B51734A3</string>
				<string>B27A9D2C679D85AD77ECDB6D</string>
			</array>
			<key>isa</key>
			<string>PBXGroup</string>
			<key>path</key>
			<string>Collection View Data Source</string>
			<key>sourceTree</key>
			<string>&lt;group&gt;</string>
		</dict>
		<key>B27A98A82123128D7921D187</key>
		<dict>
			<key>fileEncoding</key>
			<string>4</string>
			<key>isa</key>
			<string>PBXFileReference</string>
			<key>lastKnownFileType</key>
			<string>sourcecode.c.objc</string>
			<key>path</key>
			<string>AppDelegate.m</string>
			<key>sourceTree</key>
			<string>&lt;group&gt;</string>
		</dict>
		<key>B27A98C9553E38A463E9F4D9</key>
		<dict>
			<key>fileEncoding</key>
			<string>4</string>
			<key>isa</key>
			<string>PBXFileReference</string>
			<key>lastKnownFileType</key>
			<string>sourcecode.c.objc</string>
			<key>path</key>
			<string>AgendaProvider.m</string>
			<key>sourceTree</key>
			<string>&lt;group&gt;</string>
		</dict>
		<key>B27A992CDED62E26B51734A3</key>
		<dict>
			<key>fileEncoding</key>
			<string>4</string>
			<key>isa</key>
			<string>PBXFileReference</string>
			<key>lastKnownFileType</key>
			<string>sourcecode.c.h</string>
			<key>path</key>
			<string>SpeakersCollectionViewDataSource.h</string>
			<key>sourceTree</key>
			<string>&lt;group&gt;</string>
		</dict>
		<key>B27A9959941ED617E76CFAF9</key>
		<dict>
			<key>fileEncoding</key>
			<string>4</string>
			<key>isa</key>
			<string>PBXFileReference</string>
			<key>lastKnownFileType</key>
			<string>sourcecode.c.h</string>
			<key>path</key>
			<string>SeparatorView.h</string>
			<key>sourceTree</key>
			<string>&lt;group&gt;</string>
		</dict>
		<key>B27A9971BB928EAA6E0EDE6E</key>
		<dict>
			<key>fileRef</key>
			<string>B27A98C9553E38A463E9F4D9</string>
			<key>isa</key>
			<string>PBXBuildFile</string>
		</dict>
		<key>B27A9974490EAF0CCE630A99</key>
		<dict>
			<key>children</key>
			<array>
				<string>B27A946A674AB41D1AD4B020</string>
				<string>B27A9E37AC949A57E1B51C39</string>
				<string>B27A906A6CF5289BAF372867</string>
				<string>B27A9D22A0F1383379E96210</string>
			</array>
			<key>isa</key>
			<string>PBXGroup</string>
			<key>path</key>
			<string>Speaker Cell</string>
			<key>sourceTree</key>
			<string>&lt;group&gt;</string>
		</dict>
		<key>B27A997854D3543F86E615CE</key>
		<dict>
			<key>children</key>
			<array>
				<string>B27A9BFB623551B2B8B63403</string>
				<string>B27A968609A6DC361DD37334</string>
				<string>B27A9A7F313CB7B4BA43122F</string>
			</array>
			<key>isa</key>
			<string>PBXGroup</string>
			<key>path</key>
			<string>Speaker Details</string>
			<key>sourceTree</key>
			<string>&lt;group&gt;</string>
		</dict>
		<key>B27A9989AF15DCF4A14C8599</key>
		<dict>
			<key>fileRef</key>
			<string>B27A9A19F501F0EBB0F4CE4D</string>
			<key>isa</key>
			<string>PBXBuildFile</string>
		</dict>
		<key>B27A99AD7B4735A5672A09B5</key>
		<dict>
			<key>children</key>
			<array>
				<string>B27A91D8F9FC82A0D8F2EB73</string>
				<string>B27A98A82123128D7921D187</string>
				<string>B27A91BBD0A018454C9F8083</string>
				<string>B27A9FBE6D308D19B375886B</string>
				<string>B27A9D44EA2C042CB566EBE4</string>
				<string>51043080C62EC0FA452F8F09</string>
				<string>5104304FE94993E43B18A319</string>
				<string>B27A905CCCD72204B3022D5F</string>
				<string>810866EA08EFFD118D9F0215</string>
				<string>81086B937B61D6A399390A39</string>
			</array>
			<key>isa</key>
			<string>PBXGroup</string>
			<key>path</key>
			<string>Classes</string>
			<key>sourceTree</key>
			<string>&lt;group&gt;</string>
		</dict>
		<key>B27A99C4343479416F7949A1</key>
		<dict>
			<key>fileRef</key>
			<string>B27A96CC784650B22E261274</string>
			<key>isa</key>
			<string>PBXBuildFile</string>
		</dict>
		<key>B27A9A0FD94ECA88196295DE</key>
		<dict>
			<key>fileRef</key>
			<string>B27A97D7E26B0DD389DAA34F</string>
			<key>isa</key>
			<string>PBXBuildFile</string>
		</dict>
		<key>B27A9A19F501F0EBB0F4CE4D</key>
		<dict>
			<key>fileEncoding</key>
			<string>4</string>
			<key>isa</key>
			<string>PBXFileReference</string>
			<key>lastKnownFileType</key>
			<string>sourcecode.c.objc</string>
			<key>path</key>
			<string>UIColor+TDDWorkshop.m</string>
			<key>sourceTree</key>
			<string>&lt;group&gt;</string>
		</dict>
		<key>B27A9A7F313CB7B4BA43122F</key>
		<dict>
			<key>fileEncoding</key>
			<string>4</string>
			<key>isa</key>
			<string>PBXFileReference</string>
			<key>lastKnownFileType</key>
			<string>sourcecode.c.objc</string>
			<key>path</key>
			<string>SpeakerDetailsViewControllerSpec.m</string>
			<key>sourceTree</key>
			<string>&lt;group&gt;</string>
		</dict>
		<key>B27A9A828140E48431A9F462</key>
		<dict>
			<key>fileRef</key>
			<string>B27A9D22A0F1383379E96210</string>
			<key>isa</key>
			<string>PBXBuildFile</string>
		</dict>
		<key>B27A9A92B5A2302997B59011</key>
		<dict>
			<key>children</key>
			<array>
				<string>B27A9F1C86B830D77578705F</string>
				<string>B27A9EA130AFF757F72BDC66</string>
				<string>B27A9BEE6F48E39B73B68281</string>
				<string>5104345744CA86EDD8BC6565</string>
				<string>810863A399DF2C73F86CBB3C</string>
			</array>
			<key>isa</key>
			<string>PBXGroup</string>
			<key>path</key>
			<string>Resources</string>
			<key>sourceTree</key>
			<string>&lt;group&gt;</string>
		</dict>
		<key>B27A9A99558246AC21EABCD7</key>
		<dict>
			<key>fileEncoding</key>
			<string>4</string>
			<key>isa</key>
			<string>PBXFileReference</string>
			<key>lastKnownFileType</key>
			<string>sourcecode.c.objc</string>
			<key>path</key>
			<string>SeparatorView.m</string>
			<key>sourceTree</key>
			<string>&lt;group&gt;</string>
		</dict>
		<key>B27A9AA93D804D88540AD695</key>
		<dict>
			<key>fileEncoding</key>
			<string>4</string>
			<key>isa</key>
			<string>PBXFileReference</string>
			<key>lastKnownFileType</key>
			<string>sourcecode.c.h</string>
			<key>path</key>
			<string>UIColor+TDDWorkshop.h</string>
			<key>sourceTree</key>
			<string>&lt;group&gt;</string>
		</dict>
		<key>B27A9AC841A2DE6B9E8CE871</key>
		<dict>
			<key>children</key>
			<array>
				<string>B27A9C59E6E6435FEAA650A4</string>
				<string>B27A95CBA8217D8E220C878C</string>
				<string>B27A9A99558246AC21EABCD7</string>
				<string>B27A9959941ED617E76CFAF9</string>
			</array>
			<key>isa</key>
			<string>PBXGroup</string>
			<key>path</key>
			<string>Collection View Layout</string>
			<key>sourceTree</key>
			<string>&lt;group&gt;</string>
		</dict>
		<key>B27A9ACDFF47B5C7A1E152D0</key>
		<dict>
			<key>fileRef</key>
			<string>B27A9CFFF76719DF63F378A8</string>
			<key>isa</key>
			<string>PBXBuildFile</string>
		</dict>
		<key>B27A9AE1C12AECA3342112A0</key>
		<dict>
			<key>fileEncoding</key>
			<string>4</string>
			<key>isa</key>
			<string>PBXFileReference</string>
			<key>lastKnownFileType</key>
			<string>sourcecode.c.h</string>
			<key>path</key>
			<string>AgendaProvider.h</string>
			<key>sourceTree</key>
			<string>&lt;group&gt;</string>
		</dict>
		<key>B27A9B105BBD67D80D01E3E5</key>
		<dict>
			<key>fileRef</key>
			<string>B27A92AF299A933F6819BD8F</string>
			<key>isa</key>
			<string>PBXBuildFile</string>
		</dict>
		<key>B27A9BB373E87A85573C3463</key>
		<dict>
			<key>fileEncoding</key>
			<string>4</string>
			<key>isa</key>
			<string>PBXFileReference</string>
			<key>lastKnownFileType</key>
			<string>sourcecode.c.objc</string>
			<key>path</key>
			<string>AgendaViewController.m</string>
			<key>sourceTree</key>
			<string>&lt;group&gt;</string>
		</dict>
		<key>B27A9BE18D0C70ACFDEE0C5E</key>
		<dict>
			<key>children</key>
			<array>
				<string>B27A9D03E0BFFE1351B0F75F</string>
				<string>B27A9FB3501C500CA929A2A1</string>
				<string>B27A98C9553E38A463E9F4D9</string>
				<string>B27A9AE1C12AECA3342112A0</string>
				<string>1EDB8361EBA8EEABB97963E4</string>
				<string>81086306084AE59953A39AB2</string>
				<string>8108618E9EA466C9108D9CDB</string>
			</array>
			<key>isa</key>
			<string>PBXGroup</string>
			<key>path</key>
			<string>Model</string>
			<key>sourceTree</key>
			<string>&lt;group&gt;</string>
		</dict>
		<key>B27A9BEE6F48E39B73B68281</key>
		<dict>
			<key>isa</key>
			<string>PBXFileReference</string>
			<key>lastKnownFileType</key>
			<string>file.JSON</string>
			<key>path</key>
			<string>Speakers.JSON</string>
			<key>sourceTree</key>
			<string>&lt;group&gt;</string>
		</dict>
		<key>B27A9BFB623551B2B8B63403</key>
		<dict>
			<key>fileEncoding</key>
			<string>4</string>
			<key>isa</key>
			<string>PBXFileReference</string>
			<key>lastKnownFileType</key>
			<string>sourcecode.c.objc</string>
			<key>path</key>
			<string>SpeakerDetailsViewController.m</string>
			<key>sourceTree</key>
			<string>&lt;group&gt;</string>
		</dict>
		<key>B27A9C59E6E6435FEAA650A4</key>
		<dict>
			<key>fileEncoding</key>
			<string>4</string>
			<key>isa</key>
			<string>PBXFileReference</string>
			<key>lastKnownFileType</key>
			<string>sourcecode.c.objc</string>
			<key>path</key>
			<string>SpeakersCollectionViewLayout.m</string>
			<key>sourceTree</key>
			<string>&lt;group&gt;</string>
		</dict>
		<key>B27A9CFFF76719DF63F378A8</key>
		<dict>
			<key>fileEncoding</key>
			<string>4</string>
			<key>isa</key>
			<string>PBXFileReference</string>
			<key>lastKnownFileType</key>
			<string>sourcecode.c.objc</string>
			<key>path</key>
			<string>Speaker.m</string>
			<key>sourceTree</key>
			<string>&lt;group&gt;</string>
		</dict>
		<key>B27A9D03E0BFFE1351B0F75F</key>
		<dict>
			<key>fileEncoding</key>
			<string>4</string>
			<key>isa</key>
			<string>PBXFileReference</string>
			<key>lastKnownFileType</key>
			<string>sourcecode.c.h</string>
			<key>path</key>
			<string>AgendaItem.h</string>
			<key>sourceTree</key>
			<string>&lt;group&gt;</string>
		</dict>
		<key>B27A9D22A0F1383379E96210</key>
		<dict>
			<key>fileEncoding</key>
			<string>4</string>
			<key>isa</key>
			<string>PBXFileReference</string>
			<key>lastKnownFileType</key>
			<string>sourcecode.c.objc</string>
			<key>path</key>
			<string>SpeakerCollectionViewCellSpec.m</string>
			<key>sourceTree</key>
			<string>&lt;group&gt;</string>
		</dict>
		<key>B27A9D2A610E08BA7B2FF7D4</key>
		<dict>
			<key>fileRef</key>
			<string>B27A9D2C679D85AD77ECDB6D</string>
			<key>isa</key>
			<string>PBXBuildFile</string>
		</dict>
		<key>B27A9D2C679D85AD77ECDB6D</key>
		<dict>
			<key>fileEncoding</key>
			<string>4</string>
			<key>isa</key>
			<string>PBXFileReference</string>
			<key>lastKnownFileType</key>
			<string>sourcecode.c.objc</string>
			<key>path</key>
			<string>SpeakersCollectionViewDataSourceSpec.m</string>
			<key>sourceTree</key>
			<string>&lt;group&gt;</string>
		</dict>
		<key>B27A9D44EA2C042CB566EBE4</key>
		<dict>
			<key>children</key>
			<array>
				<string>B27A9A19F501F0EBB0F4CE4D</string>
				<string>B27A9AA93D804D88540AD695</string>
				<string>51043681C8216DA34C60E288</string>
				<string>510439BD510B17C8EEF28909</string>
			</array>
			<key>isa</key>
			<string>PBXGroup</string>
			<key>path</key>
			<string>General</string>
			<key>sourceTree</key>
			<string>&lt;group&gt;</string>
		</dict>
		<key>B27A9D59259653BDEABA00A3</key>
		<dict>
			<key>fileRef</key>
			<string>B27A945B2F9713B160FE4645</string>
			<key>isa</key>
			<string>PBXBuildFile</string>
		</dict>
		<key>B27A9E1107889ABC8D32C72F</key>
		<dict>
			<key>fileRef</key>
			<string>B27A9BEE6F48E39B73B68281</string>
			<key>isa</key>
			<string>PBXBuildFile</string>
		</dict>
		<key>B27A9E37AC949A57E1B51C39</key>
		<dict>
			<key>fileEncoding</key>
			<string>4</string>
			<key>isa</key>
			<string>PBXFileReference</string>
			<key>lastKnownFileType</key>
			<string>sourcecode.c.objc</string>
			<key>path</key>
			<string>SpeakerCollectionViewCell.m</string>
			<key>sourceTree</key>
			<string>&lt;group&gt;</string>
		</dict>
		<key>B27A9E9ACBB64E62E3481B49</key>
		<dict>
			<key>children</key>
			<array>
				<string>B27A945B2F9713B160FE4645</string>
				<string>B27A97CEB86DD7DCEFFB29BD</string>
				<string>B27A9294987EC3FA6A167639</string>
			</array>
			<key>isa</key>
			<string>PBXGroup</string>
			<key>path</key>
			<string>Supporting Files</string>
			<key>sourceTree</key>
			<string>&lt;group&gt;</string>
		</dict>
		<key>B27A9EA130AFF757F72BDC66</key>
		<dict>
			<key>isa</key>
			<string>PBXFileReference</string>
			<key>lastKnownFileType</key>
			<string>file.storyboard</string>
			<key>path</key>
			<string>Main.storyboard</string>
			<key>sourceTree</key>
			<string>&lt;group&gt;</string>
		</dict>
		<key>B27A9F1C86B830D77578705F</key>
		<dict>
			<key>isa</key>
			<string>PBXFileReference</string>
			<key>lastKnownFileType</key>
			<string>folder.assetcatalog</string>
			<key>path</key>
			<string>Images.xcassets</string>
			<key>sourceTree</key>
			<string>&lt;group&gt;</string>
		</dict>
		<key>B27A9FB3501C500CA929A2A1</key>
		<dict>
			<key>fileEncoding</key>
			<string>4</string>
			<key>isa</key>
			<string>PBXFileReference</string>
			<key>lastKnownFileType</key>
			<string>sourcecode.c.objc</string>
			<key>path</key>
			<string>AgendaItem.m</string>
			<key>sourceTree</key>
			<string>&lt;group&gt;</string>
		</dict>
		<key>B27A9FBE6D308D19B375886B</key>
		<dict>
			<key>children</key>
			<array>
				<string>B27A97D7E26B0DD389DAA34F</string>
				<string>B27A962953CC54B6ECA2B94E</string>
			</array>
			<key>isa</key>
			<string>PBXGroup</string>
			<key>path</key>
			<string>Tab Bar Controllers</string>
			<key>sourceTree</key>
			<string>&lt;group&gt;</string>
		</dict>
		<key>B2F06B64128243AF9AC3D4B0</key>
		<dict>
			<key>explicitFileType</key>
			<string>archive.ar</string>
			<key>includeInIndex</key>
			<string>0</string>
			<key>isa</key>
			<string>PBXFileReference</string>
			<key>path</key>
			<string>libPods-specs.a</string>
			<key>sourceTree</key>
			<string>BUILT_PRODUCTS_DIR</string>
		</dict>
		<key>BD856E5C1C064F578B72D2D3</key>
		<dict>
			<key>fileRef</key>
			<string>B2F06B64128243AF9AC3D4B0</string>
			<key>isa</key>
			<string>PBXBuildFile</string>
		</dict>
		<key>C8D9F3FC509A4F2D844F395D</key>
		<dict>
			<key>buildActionMask</key>
			<string>2147483647</string>
			<key>files</key>
			<array/>
			<key>inputPaths</key>
			<array/>
			<key>isa</key>
			<string>PBXShellScriptBuildPhase</string>
			<key>name</key>
			<string>Copy Pods Resources</string>
			<key>outputPaths</key>
			<array/>
			<key>runOnlyForDeploymentPostprocessing</key>
			<string>0</string>
			<key>shellPath</key>
			<string>/bin/sh</string>
			<key>shellScript</key>
			<string>"${SRCROOT}/Pods/Target Support Files/Pods/Pods-resources.sh"
</string>
			<key>showEnvVarsInLog</key>
			<string>0</string>
		</dict>
		<key>E59A1BB742214388ABE91004</key>
		<dict>
			<key>explicitFileType</key>
			<string>archive.ar</string>
			<key>includeInIndex</key>
			<string>0</string>
			<key>isa</key>
			<string>PBXFileReference</string>
			<key>path</key>
			<string>libPods.a</string>
			<key>sourceTree</key>
			<string>BUILT_PRODUCTS_DIR</string>
		</dict>
		<key>F7755B06CE94C4B54FA029A7</key>
		<dict>
			<key>includeInIndex</key>
			<string>1</string>
			<key>isa</key>
			<string>PBXFileReference</string>
			<key>lastKnownFileType</key>
			<string>text.xcconfig</string>
			<key>name</key>
			<string>Pods-specs.release.xcconfig</string>
			<key>path</key>
			<string>Pods/Target Support Files/Pods-specs/Pods-specs.release.xcconfig</string>
			<key>sourceTree</key>
			<string>&lt;group&gt;</string>
		</dict>
	</dict>
	<key>rootObject</key>
	<string>43C5D4A91904429F002D1766</string>
</dict>
</plist>
